// !$*UTF8*$!
{
	archiveVersion = 1;
	classes = {
	};
	objectVersion = 46;
	objects = {

/* Begin PBXBuildFile section */
		3D25B7AF9C7EE3BC4CAC82C4 /* libPods-ABMATests.a in Frameworks */ = {isa = PBXBuildFile; fileRef = 7772E1B684CC8FDF0E210670 /* libPods-ABMATests.a */; };
		43027B371E39B7F400585C8B /* PapersViewController.swift in Sources */ = {isa = PBXBuildFile; fileRef = 43027B361E39B7F400585C8B /* PapersViewController.swift */; };
		4305618B1A9AF95000ED4BB0 /* SWRevealViewController.m in Sources */ = {isa = PBXBuildFile; fileRef = 4305618A1A9AF95000ED4BB0 /* SWRevealViewController.m */; };
		431326A01E3D655B003C808E /* YearViewController.swift in Sources */ = {isa = PBXBuildFile; fileRef = 4313269F1E3D655B003C808E /* YearViewController.swift */; };
		431326A41E3D7605003C808E /* Sponsors.storyboard in Resources */ = {isa = PBXBuildFile; fileRef = 431326A31E3D7605003C808E /* Sponsors.storyboard */; };
		431326A61E3D7796003C808E /* Sponsor.swift in Sources */ = {isa = PBXBuildFile; fileRef = 431326A51E3D7796003C808E /* Sponsor.swift */; };
		431326A91E3D7AF3003C808E /* SponsorsViewController.swift in Sources */ = {isa = PBXBuildFile; fileRef = 431326A71E3D7AF3003C808E /* SponsorsViewController.swift */; };
		431326AF1E3D7BE7003C808E /* SponsorItem.swift in Sources */ = {isa = PBXBuildFile; fileRef = 431326AD1E3D7BE7003C808E /* SponsorItem.swift */; };
		431326B01E3D7BE7003C808E /* SponsorItem.xib in Resources */ = {isa = PBXBuildFile; fileRef = 431326AE1E3D7BE7003C808E /* SponsorItem.xib */; };
		431326B21E3D8B47003C808E /* NewSponsorViewController.swift in Sources */ = {isa = PBXBuildFile; fileRef = 431326B11E3D8B47003C808E /* NewSponsorViewController.swift */; };
		43201F2F1ABE37A600486999 /* InfoViewController.m in Sources */ = {isa = PBXBuildFile; fileRef = 43201F2E1ABE37A600486999 /* InfoViewController.m */; };
		43201F351ABE41A000486999 /* Event.m in Sources */ = {isa = PBXBuildFile; fileRef = 43201F341ABE41A000486999 /* Event.m */; };
		43201F381ABE41A100486999 /* Day.m in Sources */ = {isa = PBXBuildFile; fileRef = 43201F371ABE41A100486999 /* Day.m */; };
		43201F3B1ABE41A100486999 /* Note.m in Sources */ = {isa = PBXBuildFile; fileRef = 43201F3A1ABE41A100486999 /* Note.m */; };
		43201F3E1ABE41A100486999 /* Year.m in Sources */ = {isa = PBXBuildFile; fileRef = 43201F3D1ABE41A100486999 /* Year.m */; };
		43201F411ABE41A100486999 /* Paper.m in Sources */ = {isa = PBXBuildFile; fileRef = 43201F401ABE41A100486999 /* Paper.m */; };
		43201F441ABF371F00486999 /* PaperTableViewCell.m in Sources */ = {isa = PBXBuildFile; fileRef = 43201F431ABF371F00486999 /* PaperTableViewCell.m */; };
		432ED0941E267AC300DD92BB /* Paper.swift in Sources */ = {isa = PBXBuildFile; fileRef = 432ED0931E267AC300DD92BB /* Paper.swift */; };
		4338BBA118F26F53002683EF /* Foundation.framework in Frameworks */ = {isa = PBXBuildFile; fileRef = 4338BBA018F26F53002683EF /* Foundation.framework */; };
		4338BBA318F26F53002683EF /* CoreGraphics.framework in Frameworks */ = {isa = PBXBuildFile; fileRef = 4338BBA218F26F53002683EF /* CoreGraphics.framework */; };
		4338BBA518F26F53002683EF /* UIKit.framework in Frameworks */ = {isa = PBXBuildFile; fileRef = 4338BBA418F26F53002683EF /* UIKit.framework */; };
		4338BBAB18F26F53002683EF /* InfoPlist.strings in Resources */ = {isa = PBXBuildFile; fileRef = 4338BBA918F26F53002683EF /* InfoPlist.strings */; };
		4338BBAD18F26F53002683EF /* main.m in Sources */ = {isa = PBXBuildFile; fileRef = 4338BBAC18F26F53002683EF /* main.m */; };
		4338BBB118F26F53002683EF /* AppDelegate.m in Sources */ = {isa = PBXBuildFile; fileRef = 4338BBB018F26F53002683EF /* AppDelegate.m */; };
		4338BBB418F26F53002683EF /* Main.storyboard in Resources */ = {isa = PBXBuildFile; fileRef = 4338BBB218F26F53002683EF /* Main.storyboard */; };
		4338BBB918F26F53002683EF /* Images.xcassets in Resources */ = {isa = PBXBuildFile; fileRef = 4338BBB818F26F53002683EF /* Images.xcassets */; };
		4338BBC018F26F53002683EF /* XCTest.framework in Frameworks */ = {isa = PBXBuildFile; fileRef = 4338BBBF18F26F53002683EF /* XCTest.framework */; };
		4338BBC118F26F53002683EF /* Foundation.framework in Frameworks */ = {isa = PBXBuildFile; fileRef = 4338BBA018F26F53002683EF /* Foundation.framework */; };
		4338BBC218F26F53002683EF /* UIKit.framework in Frameworks */ = {isa = PBXBuildFile; fileRef = 4338BBA418F26F53002683EF /* UIKit.framework */; };
		4338BBCA18F26F53002683EF /* InfoPlist.strings in Resources */ = {isa = PBXBuildFile; fileRef = 4338BBC818F26F53002683EF /* InfoPlist.strings */; };
		4338BBCC18F26F53002683EF /* ABMATests.m in Sources */ = {isa = PBXBuildFile; fileRef = 4338BBCB18F26F53002683EF /* ABMATests.m */; };
		434B44DD1E1B231F00963096 /* AppDelegate.swift in Sources */ = {isa = PBXBuildFile; fileRef = 434B44DC1E1B231F00963096 /* AppDelegate.swift */; };
		434B44DF1E1B231F00963096 /* EventViewController.swift in Sources */ = {isa = PBXBuildFile; fileRef = 434B44DE1E1B231F00963096 /* EventViewController.swift */; };
		434B44E11E1B231F00963096 /* Assets.xcassets in Resources */ = {isa = PBXBuildFile; fileRef = 434B44E01E1B231F00963096 /* Assets.xcassets */; };
		434B44E41E1B231F00963096 /* Main.storyboard in Resources */ = {isa = PBXBuildFile; fileRef = 434B44E21E1B231F00963096 /* Main.storyboard */; };
		434B44EE1E1BF75500963096 /* Event.swift in Sources */ = {isa = PBXBuildFile; fileRef = 434B44ED1E1BF75500963096 /* Event.swift */; };
		434B44F01E1FF92900963096 /* EventListViewController.swift in Sources */ = {isa = PBXBuildFile; fileRef = 434B44EF1E1FF92900963096 /* EventListViewController.swift */; };
		434B44F21E23222700963096 /* ContainerController.swift in Sources */ = {isa = PBXBuildFile; fileRef = 434B44F11E23222700963096 /* ContainerController.swift */; };
		4352A8791AB28BBE00EC03CB /* BaseViewController.m in Sources */ = {isa = PBXBuildFile; fileRef = 4352A8781AB28BBE00EC03CB /* BaseViewController.m */; };
		435EEE681E3D329F00C9CF84 /* Year.swift in Sources */ = {isa = PBXBuildFile; fileRef = 435EEE671E3D329F00C9CF84 /* Year.swift */; };
		435EEE6E1E3D3A4200C9CF84 /* NewYearsViewController.swift in Sources */ = {isa = PBXBuildFile; fileRef = 435EEE6D1E3D3A4200C9CF84 /* NewYearsViewController.swift */; };
		4378FD9B1E3A452F00319DE0 /* Papers.storyboard in Resources */ = {isa = PBXBuildFile; fileRef = 4378FD9A1E3A452F00319DE0 /* Papers.storyboard */; };
		4378FDA11E3C482C00319DE0 /* DbManager.swift in Sources */ = {isa = PBXBuildFile; fileRef = 4378FDA01E3C482C00319DE0 /* DbManager.swift */; };
		438D599E1ABA97D3004FF7ED /* Launch Screen.xib in Resources */ = {isa = PBXBuildFile; fileRef = 438D599D1ABA97D3004FF7ED /* Launch Screen.xib */; };
		439947E51AB1E9F500D1479B /* NotesViewController.m in Sources */ = {isa = PBXBuildFile; fileRef = 439947E41AB1E9F500D1479B /* NotesViewController.m */; };
		43AAAE2A1AAAA484002C424A /* CoreData.framework in Frameworks */ = {isa = PBXBuildFile; fileRef = 43AAAE291AAAA484002C424A /* CoreData.framework */; };
		43AAAE2D1AAAA4D1002C424A /* ABMA.xcdatamodeld in Sources */ = {isa = PBXBuildFile; fileRef = 43AAAE2B1AAAA4D1002C424A /* ABMA.xcdatamodeld */; };
		43B2B5A91AB72DE000F0A6D0 /* Y2015.plist in Resources */ = {isa = PBXBuildFile; fileRef = 43B2B5A81AB72DE000F0A6D0 /* Y2015.plist */; };
		43C75EC31C9F9A500020C39E /* Y2016.plist in Resources */ = {isa = PBXBuildFile; fileRef = 43C75EC21C9F9A500020C39E /* Y2016.plist */; };
		43C75EC51C9F9CF50020C39E /* Template.plist in Resources */ = {isa = PBXBuildFile; fileRef = 43C75EC41C9F9CF50020C39E /* Template.plist */; };
		43CF9B1A18F5A4E600885DAC /* libz.dylib in Frameworks */ = {isa = PBXBuildFile; fileRef = 43CF9B1918F5A4E600885DAC /* libz.dylib */; };
		43CF9B1D18F5B23500885DAC /* ContactViewController.m in Sources */ = {isa = PBXBuildFile; fileRef = 43CF9B1C18F5B23500885DAC /* ContactViewController.m */; };
		43D07C6F1AAEABA00033A1E6 /* EventCellTableViewCell.m in Sources */ = {isa = PBXBuildFile; fileRef = 43D07C6E1AAEABA00033A1E6 /* EventCellTableViewCell.m */; };
		43F070C518F3561A0077F11E /* SideBarTableViewController.m in Sources */ = {isa = PBXBuildFile; fileRef = 43F070C418F3561A0077F11E /* SideBarTableViewController.m */; };
		43F070C818F3631E0077F11E /* ScheduleViewController.m in Sources */ = {isa = PBXBuildFile; fileRef = 43F070C718F3631E0077F11E /* ScheduleViewController.m */; };
		43F070D118F3B4B60077F11E /* SchedDetailViewController.m in Sources */ = {isa = PBXBuildFile; fileRef = 43F070D018F3B4B60077F11E /* SchedDetailViewController.m */; };
		43F070D418F3B6A20077F11E /* SponsorCollectionViewController.m in Sources */ = {isa = PBXBuildFile; fileRef = 43F070D318F3B6A20077F11E /* SponsorCollectionViewController.m */; };
		43F995E418F46102004DC565 /* Y2014.plist in Resources */ = {isa = PBXBuildFile; fileRef = 43F995E318F46102004DC565 /* Y2014.plist */; };
		678DB7201821F0B8FF047E76 /* Pods_ABMAEditor.framework in Frameworks */ = {isa = PBXBuildFile; fileRef = 3F1A931DC8052C9ABE9D38B0 /* Pods_ABMAEditor.framework */; };
		78F0EF6641AF1FD00307C2C8 /* libPods-ABMA.a in Frameworks */ = {isa = PBXBuildFile; fileRef = E3312819BD592EE55EB0A2BB /* libPods-ABMA.a */; };
/* End PBXBuildFile section */

/* Begin PBXContainerItemProxy section */
		4338BBC318F26F53002683EF /* PBXContainerItemProxy */ = {
			isa = PBXContainerItemProxy;
			containerPortal = 4338BB9518F26F52002683EF /* Project object */;
			proxyType = 1;
			remoteGlobalIDString = 4338BB9C18F26F52002683EF;
			remoteInfo = ABMA;
		};
/* End PBXContainerItemProxy section */

/* Begin PBXFileReference section */
		0FC8C8D0B8F238C46229B7B3 /* Pods-ABMA.debug.xcconfig */ = {isa = PBXFileReference; includeInIndex = 1; lastKnownFileType = text.xcconfig; name = "Pods-ABMA.debug.xcconfig"; path = "Pods/Target Support Files/Pods-ABMA/Pods-ABMA.debug.xcconfig"; sourceTree = "<group>"; };
		2717B5209C80FDFE19B62B51 /* Pods-ABMATests.release.xcconfig */ = {isa = PBXFileReference; includeInIndex = 1; lastKnownFileType = text.xcconfig; name = "Pods-ABMATests.release.xcconfig"; path = "Pods/Target Support Files/Pods-ABMATests/Pods-ABMATests.release.xcconfig"; sourceTree = "<group>"; };
		3F1A931DC8052C9ABE9D38B0 /* Pods_ABMAEditor.framework */ = {isa = PBXFileReference; explicitFileType = wrapper.framework; includeInIndex = 0; path = Pods_ABMAEditor.framework; sourceTree = BUILT_PRODUCTS_DIR; };
		43027B361E39B7F400585C8B /* PapersViewController.swift */ = {isa = PBXFileReference; fileEncoding = 4; lastKnownFileType = sourcecode.swift; path = PapersViewController.swift; sourceTree = "<group>"; };
		430561891A9AF95000ED4BB0 /* SWRevealViewController.h */ = {isa = PBXFileReference; fileEncoding = 4; lastKnownFileType = sourcecode.c.h; path = SWRevealViewController.h; sourceTree = "<group>"; };
		4305618A1A9AF95000ED4BB0 /* SWRevealViewController.m */ = {isa = PBXFileReference; fileEncoding = 4; lastKnownFileType = sourcecode.c.objc; path = SWRevealViewController.m; sourceTree = "<group>"; };
		4313269F1E3D655B003C808E /* YearViewController.swift */ = {isa = PBXFileReference; fileEncoding = 4; lastKnownFileType = sourcecode.swift; path = YearViewController.swift; sourceTree = "<group>"; };
		431326A31E3D7605003C808E /* Sponsors.storyboard */ = {isa = PBXFileReference; fileEncoding = 4; lastKnownFileType = file.storyboard; path = Sponsors.storyboard; sourceTree = "<group>"; };
		431326A51E3D7796003C808E /* Sponsor.swift */ = {isa = PBXFileReference; fileEncoding = 4; lastKnownFileType = sourcecode.swift; path = Sponsor.swift; sourceTree = "<group>"; };
		431326A71E3D7AF3003C808E /* SponsorsViewController.swift */ = {isa = PBXFileReference; fileEncoding = 4; lastKnownFileType = sourcecode.swift; path = SponsorsViewController.swift; sourceTree = "<group>"; };
		431326AD1E3D7BE7003C808E /* SponsorItem.swift */ = {isa = PBXFileReference; fileEncoding = 4; lastKnownFileType = sourcecode.swift; path = SponsorItem.swift; sourceTree = "<group>"; };
		431326AE1E3D7BE7003C808E /* SponsorItem.xib */ = {isa = PBXFileReference; fileEncoding = 4; lastKnownFileType = file.xib; path = SponsorItem.xib; sourceTree = "<group>"; };
		431326B11E3D8B47003C808E /* NewSponsorViewController.swift */ = {isa = PBXFileReference; fileEncoding = 4; lastKnownFileType = sourcecode.swift; path = NewSponsorViewController.swift; sourceTree = "<group>"; };
		43201F2D1ABE37A600486999 /* InfoViewController.h */ = {isa = PBXFileReference; fileEncoding = 4; lastKnownFileType = sourcecode.c.h; path = InfoViewController.h; sourceTree = "<group>"; };
		43201F2E1ABE37A600486999 /* InfoViewController.m */ = {isa = PBXFileReference; fileEncoding = 4; lastKnownFileType = sourcecode.c.objc; path = InfoViewController.m; sourceTree = "<group>"; };
		43201F331ABE41A000486999 /* Event.h */ = {isa = PBXFileReference; fileEncoding = 4; lastKnownFileType = sourcecode.c.h; path = Event.h; sourceTree = "<group>"; };
		43201F341ABE41A000486999 /* Event.m */ = {isa = PBXFileReference; fileEncoding = 4; lastKnownFileType = sourcecode.c.objc; path = Event.m; sourceTree = "<group>"; };
		43201F361ABE41A100486999 /* Day.h */ = {isa = PBXFileReference; fileEncoding = 4; lastKnownFileType = sourcecode.c.h; path = Day.h; sourceTree = "<group>"; };
		43201F371ABE41A100486999 /* Day.m */ = {isa = PBXFileReference; fileEncoding = 4; lastKnownFileType = sourcecode.c.objc; path = Day.m; sourceTree = "<group>"; };
		43201F391ABE41A100486999 /* Note.h */ = {isa = PBXFileReference; fileEncoding = 4; lastKnownFileType = sourcecode.c.h; path = Note.h; sourceTree = "<group>"; };
		43201F3A1ABE41A100486999 /* Note.m */ = {isa = PBXFileReference; fileEncoding = 4; lastKnownFileType = sourcecode.c.objc; path = Note.m; sourceTree = "<group>"; };
		43201F3C1ABE41A100486999 /* Year.h */ = {isa = PBXFileReference; fileEncoding = 4; lastKnownFileType = sourcecode.c.h; path = Year.h; sourceTree = "<group>"; };
		43201F3D1ABE41A100486999 /* Year.m */ = {isa = PBXFileReference; fileEncoding = 4; lastKnownFileType = sourcecode.c.objc; path = Year.m; sourceTree = "<group>"; };
		43201F3F1ABE41A100486999 /* Paper.h */ = {isa = PBXFileReference; fileEncoding = 4; lastKnownFileType = sourcecode.c.h; path = Paper.h; sourceTree = "<group>"; };
		43201F401ABE41A100486999 /* Paper.m */ = {isa = PBXFileReference; fileEncoding = 4; lastKnownFileType = sourcecode.c.objc; path = Paper.m; sourceTree = "<group>"; };
		43201F421ABF371F00486999 /* PaperTableViewCell.h */ = {isa = PBXFileReference; fileEncoding = 4; lastKnownFileType = sourcecode.c.h; path = PaperTableViewCell.h; sourceTree = "<group>"; };
		43201F431ABF371F00486999 /* PaperTableViewCell.m */ = {isa = PBXFileReference; fileEncoding = 4; lastKnownFileType = sourcecode.c.objc; path = PaperTableViewCell.m; sourceTree = "<group>"; };
		432ED0931E267AC300DD92BB /* Paper.swift */ = {isa = PBXFileReference; fileEncoding = 4; lastKnownFileType = sourcecode.swift; path = Paper.swift; sourceTree = "<group>"; };
		4338BB9D18F26F52002683EF /* ABMA.app */ = {isa = PBXFileReference; explicitFileType = wrapper.application; includeInIndex = 0; path = ABMA.app; sourceTree = BUILT_PRODUCTS_DIR; };
		4338BBA018F26F53002683EF /* Foundation.framework */ = {isa = PBXFileReference; lastKnownFileType = wrapper.framework; name = Foundation.framework; path = System/Library/Frameworks/Foundation.framework; sourceTree = SDKROOT; };
		4338BBA218F26F53002683EF /* CoreGraphics.framework */ = {isa = PBXFileReference; lastKnownFileType = wrapper.framework; name = CoreGraphics.framework; path = System/Library/Frameworks/CoreGraphics.framework; sourceTree = SDKROOT; };
		4338BBA418F26F53002683EF /* UIKit.framework */ = {isa = PBXFileReference; lastKnownFileType = wrapper.framework; name = UIKit.framework; path = System/Library/Frameworks/UIKit.framework; sourceTree = SDKROOT; };
		4338BBA818F26F53002683EF /* ABMA-Info.plist */ = {isa = PBXFileReference; lastKnownFileType = text.plist.xml; path = "ABMA-Info.plist"; sourceTree = "<group>"; };
		4338BBAA18F26F53002683EF /* en */ = {isa = PBXFileReference; lastKnownFileType = text.plist.strings; name = en; path = en.lproj/InfoPlist.strings; sourceTree = "<group>"; };
		4338BBAC18F26F53002683EF /* main.m */ = {isa = PBXFileReference; lastKnownFileType = sourcecode.c.objc; path = main.m; sourceTree = "<group>"; };
		4338BBAE18F26F53002683EF /* ABMA-Prefix.pch */ = {isa = PBXFileReference; lastKnownFileType = sourcecode.c.h; path = "ABMA-Prefix.pch"; sourceTree = "<group>"; };
		4338BBAF18F26F53002683EF /* AppDelegate.h */ = {isa = PBXFileReference; lastKnownFileType = sourcecode.c.h; path = AppDelegate.h; sourceTree = "<group>"; };
		4338BBB018F26F53002683EF /* AppDelegate.m */ = {isa = PBXFileReference; lastKnownFileType = sourcecode.c.objc; path = AppDelegate.m; sourceTree = "<group>"; };
		4338BBB318F26F53002683EF /* Base */ = {isa = PBXFileReference; lastKnownFileType = file.storyboard; name = Base; path = Base.lproj/Main.storyboard; sourceTree = "<group>"; };
		4338BBB818F26F53002683EF /* Images.xcassets */ = {isa = PBXFileReference; lastKnownFileType = folder.assetcatalog; path = Images.xcassets; sourceTree = "<group>"; };
		4338BBBE18F26F53002683EF /* ABMATests.xctest */ = {isa = PBXFileReference; explicitFileType = wrapper.cfbundle; includeInIndex = 0; path = ABMATests.xctest; sourceTree = BUILT_PRODUCTS_DIR; };
		4338BBBF18F26F53002683EF /* XCTest.framework */ = {isa = PBXFileReference; lastKnownFileType = wrapper.framework; name = XCTest.framework; path = Library/Frameworks/XCTest.framework; sourceTree = DEVELOPER_DIR; };
		4338BBC718F26F53002683EF /* ABMATests-Info.plist */ = {isa = PBXFileReference; lastKnownFileType = text.plist.xml; path = "ABMATests-Info.plist"; sourceTree = "<group>"; };
		4338BBC918F26F53002683EF /* en */ = {isa = PBXFileReference; lastKnownFileType = text.plist.strings; name = en; path = en.lproj/InfoPlist.strings; sourceTree = "<group>"; };
		4338BBCB18F26F53002683EF /* ABMATests.m */ = {isa = PBXFileReference; lastKnownFileType = sourcecode.c.objc; path = ABMATests.m; sourceTree = "<group>"; };
		434B44DA1E1B231F00963096 /* ABMAEditor.app */ = {isa = PBXFileReference; explicitFileType = wrapper.application; includeInIndex = 0; path = ABMAEditor.app; sourceTree = BUILT_PRODUCTS_DIR; };
		434B44DC1E1B231F00963096 /* AppDelegate.swift */ = {isa = PBXFileReference; lastKnownFileType = sourcecode.swift; path = AppDelegate.swift; sourceTree = "<group>"; };
		434B44DE1E1B231F00963096 /* EventViewController.swift */ = {isa = PBXFileReference; lastKnownFileType = sourcecode.swift; path = EventViewController.swift; sourceTree = "<group>"; };
		434B44E01E1B231F00963096 /* Assets.xcassets */ = {isa = PBXFileReference; lastKnownFileType = folder.assetcatalog; path = Assets.xcassets; sourceTree = "<group>"; };
		434B44E31E1B231F00963096 /* Base */ = {isa = PBXFileReference; lastKnownFileType = file.storyboard; name = Base; path = Base.lproj/Main.storyboard; sourceTree = "<group>"; };
		434B44E51E1B231F00963096 /* Info.plist */ = {isa = PBXFileReference; lastKnownFileType = text.plist.xml; path = Info.plist; sourceTree = "<group>"; };
		434B44ED1E1BF75500963096 /* Event.swift */ = {isa = PBXFileReference; fileEncoding = 4; lastKnownFileType = sourcecode.swift; path = Event.swift; sourceTree = "<group>"; };
		434B44EF1E1FF92900963096 /* EventListViewController.swift */ = {isa = PBXFileReference; fileEncoding = 4; lastKnownFileType = sourcecode.swift; path = EventListViewController.swift; sourceTree = "<group>"; };
		434B44F11E23222700963096 /* ContainerController.swift */ = {isa = PBXFileReference; fileEncoding = 4; lastKnownFileType = sourcecode.swift; path = ContainerController.swift; sourceTree = "<group>"; };
		4352A8771AB28BBE00EC03CB /* BaseViewController.h */ = {isa = PBXFileReference; fileEncoding = 4; lastKnownFileType = sourcecode.c.h; path = BaseViewController.h; sourceTree = "<group>"; };
		4352A8781AB28BBE00EC03CB /* BaseViewController.m */ = {isa = PBXFileReference; fileEncoding = 4; lastKnownFileType = sourcecode.c.objc; path = BaseViewController.m; sourceTree = "<group>"; };
		435EEE671E3D329F00C9CF84 /* Year.swift */ = {isa = PBXFileReference; fileEncoding = 4; lastKnownFileType = sourcecode.swift; path = Year.swift; sourceTree = "<group>"; };
		435EEE6D1E3D3A4200C9CF84 /* NewYearsViewController.swift */ = {isa = PBXFileReference; fileEncoding = 4; lastKnownFileType = sourcecode.swift; path = NewYearsViewController.swift; sourceTree = "<group>"; };
		4378FD9A1E3A452F00319DE0 /* Papers.storyboard */ = {isa = PBXFileReference; fileEncoding = 4; lastKnownFileType = file.storyboard; path = Papers.storyboard; sourceTree = "<group>"; };
		4378FDA01E3C482C00319DE0 /* DbManager.swift */ = {isa = PBXFileReference; fileEncoding = 4; lastKnownFileType = sourcecode.swift; name = DbManager.swift; path = ../DbManager.swift; sourceTree = "<group>"; };
		438D599D1ABA97D3004FF7ED /* Launch Screen.xib */ = {isa = PBXFileReference; fileEncoding = 4; lastKnownFileType = file.xib; path = "Launch Screen.xib"; sourceTree = "<group>"; };
		439947E31AB1E9F500D1479B /* NotesViewController.h */ = {isa = PBXFileReference; fileEncoding = 4; lastKnownFileType = sourcecode.c.h; path = NotesViewController.h; sourceTree = "<group>"; };
		439947E41AB1E9F500D1479B /* NotesViewController.m */ = {isa = PBXFileReference; fileEncoding = 4; lastKnownFileType = sourcecode.c.objc; path = NotesViewController.m; sourceTree = "<group>"; };
		43AAAE291AAAA484002C424A /* CoreData.framework */ = {isa = PBXFileReference; lastKnownFileType = wrapper.framework; name = CoreData.framework; path = System/Library/Frameworks/CoreData.framework; sourceTree = SDKROOT; };
		43AAAE2C1AAAA4D1002C424A /* ABMA.xcdatamodel */ = {isa = PBXFileReference; lastKnownFileType = wrapper.xcdatamodel; path = ABMA.xcdatamodel; sourceTree = "<group>"; };
		43B2B5A81AB72DE000F0A6D0 /* Y2015.plist */ = {isa = PBXFileReference; fileEncoding = 4; lastKnownFileType = text.plist.xml; path = Y2015.plist; sourceTree = "<group>"; };
		43C75EC21C9F9A500020C39E /* Y2016.plist */ = {isa = PBXFileReference; fileEncoding = 4; lastKnownFileType = text.plist.xml; path = Y2016.plist; sourceTree = "<group>"; };
		43C75EC41C9F9CF50020C39E /* Template.plist */ = {isa = PBXFileReference; fileEncoding = 4; lastKnownFileType = text.plist.xml; path = Template.plist; sourceTree = "<group>"; };
		43CF9B1918F5A4E600885DAC /* libz.dylib */ = {isa = PBXFileReference; lastKnownFileType = "compiled.mach-o.dylib"; name = libz.dylib; path = usr/lib/libz.dylib; sourceTree = SDKROOT; };
		43CF9B1B18F5B23500885DAC /* ContactViewController.h */ = {isa = PBXFileReference; fileEncoding = 4; lastKnownFileType = sourcecode.c.h; path = ContactViewController.h; sourceTree = "<group>"; };
		43CF9B1C18F5B23500885DAC /* ContactViewController.m */ = {isa = PBXFileReference; fileEncoding = 4; lastKnownFileType = sourcecode.c.objc; path = ContactViewController.m; sourceTree = "<group>"; };
		43D07C6D1AAEABA00033A1E6 /* EventCellTableViewCell.h */ = {isa = PBXFileReference; fileEncoding = 4; lastKnownFileType = sourcecode.c.h; path = EventCellTableViewCell.h; sourceTree = "<group>"; };
		43D07C6E1AAEABA00033A1E6 /* EventCellTableViewCell.m */ = {isa = PBXFileReference; fileEncoding = 4; lastKnownFileType = sourcecode.c.objc; path = EventCellTableViewCell.m; sourceTree = "<group>"; };
		43F070C318F3561A0077F11E /* SideBarTableViewController.h */ = {isa = PBXFileReference; fileEncoding = 4; lastKnownFileType = sourcecode.c.h; path = SideBarTableViewController.h; sourceTree = "<group>"; };
		43F070C418F3561A0077F11E /* SideBarTableViewController.m */ = {isa = PBXFileReference; fileEncoding = 4; lastKnownFileType = sourcecode.c.objc; path = SideBarTableViewController.m; sourceTree = "<group>"; };
		43F070C618F3631E0077F11E /* ScheduleViewController.h */ = {isa = PBXFileReference; fileEncoding = 4; lastKnownFileType = sourcecode.c.h; path = ScheduleViewController.h; sourceTree = "<group>"; };
		43F070C718F3631E0077F11E /* ScheduleViewController.m */ = {isa = PBXFileReference; fileEncoding = 4; lastKnownFileType = sourcecode.c.objc; path = ScheduleViewController.m; sourceTree = "<group>"; };
		43F070CF18F3B4B60077F11E /* SchedDetailViewController.h */ = {isa = PBXFileReference; fileEncoding = 4; lastKnownFileType = sourcecode.c.h; path = SchedDetailViewController.h; sourceTree = "<group>"; };
		43F070D018F3B4B60077F11E /* SchedDetailViewController.m */ = {isa = PBXFileReference; fileEncoding = 4; lastKnownFileType = sourcecode.c.objc; path = SchedDetailViewController.m; sourceTree = "<group>"; };
		43F070D218F3B6A20077F11E /* SponsorCollectionViewController.h */ = {isa = PBXFileReference; fileEncoding = 4; lastKnownFileType = sourcecode.c.h; path = SponsorCollectionViewController.h; sourceTree = "<group>"; };
		43F070D318F3B6A20077F11E /* SponsorCollectionViewController.m */ = {isa = PBXFileReference; fileEncoding = 4; lastKnownFileType = sourcecode.c.objc; path = SponsorCollectionViewController.m; sourceTree = "<group>"; };
		43F995E318F46102004DC565 /* Y2014.plist */ = {isa = PBXFileReference; fileEncoding = 4; lastKnownFileType = text.plist.xml; path = Y2014.plist; sourceTree = "<group>"; };
		7772E1B684CC8FDF0E210670 /* libPods-ABMATests.a */ = {isa = PBXFileReference; explicitFileType = archive.ar; includeInIndex = 0; path = "libPods-ABMATests.a"; sourceTree = BUILT_PRODUCTS_DIR; };
		887AC0FF2B55FA0062B1AB78 /* Pods-ABMA.release.xcconfig */ = {isa = PBXFileReference; includeInIndex = 1; lastKnownFileType = text.xcconfig; name = "Pods-ABMA.release.xcconfig"; path = "Pods/Target Support Files/Pods-ABMA/Pods-ABMA.release.xcconfig"; sourceTree = "<group>"; };
		ACE800C60DBB8351D0C766AE /* Pods-ABMAEditor.debug.xcconfig */ = {isa = PBXFileReference; includeInIndex = 1; lastKnownFileType = text.xcconfig; name = "Pods-ABMAEditor.debug.xcconfig"; path = "Pods/Target Support Files/Pods-ABMAEditor/Pods-ABMAEditor.debug.xcconfig"; sourceTree = "<group>"; };
		AD17B5374F65644D2B57DB20 /* Pods-ABMATests.debug.xcconfig */ = {isa = PBXFileReference; includeInIndex = 1; lastKnownFileType = text.xcconfig; name = "Pods-ABMATests.debug.xcconfig"; path = "Pods/Target Support Files/Pods-ABMATests/Pods-ABMATests.debug.xcconfig"; sourceTree = "<group>"; };
		E3312819BD592EE55EB0A2BB /* libPods-ABMA.a */ = {isa = PBXFileReference; explicitFileType = archive.ar; includeInIndex = 0; path = "libPods-ABMA.a"; sourceTree = BUILT_PRODUCTS_DIR; };
		E42C88550B15CA8F79BE96FE /* Pods-ABMAEditor.release.xcconfig */ = {isa = PBXFileReference; includeInIndex = 1; lastKnownFileType = text.xcconfig; name = "Pods-ABMAEditor.release.xcconfig"; path = "Pods/Target Support Files/Pods-ABMAEditor/Pods-ABMAEditor.release.xcconfig"; sourceTree = "<group>"; };
/* End PBXFileReference section */

/* Begin PBXFrameworksBuildPhase section */
		4338BB9A18F26F52002683EF /* Frameworks */ = {
			isa = PBXFrameworksBuildPhase;
			buildActionMask = 2147483647;
			files = (
				43AAAE2A1AAAA484002C424A /* CoreData.framework in Frameworks */,
				43CF9B1A18F5A4E600885DAC /* libz.dylib in Frameworks */,
				4338BBA318F26F53002683EF /* CoreGraphics.framework in Frameworks */,
				4338BBA518F26F53002683EF /* UIKit.framework in Frameworks */,
				4338BBA118F26F53002683EF /* Foundation.framework in Frameworks */,
				78F0EF6641AF1FD00307C2C8 /* libPods-ABMA.a in Frameworks */,
			);
			runOnlyForDeploymentPostprocessing = 0;
		};
		4338BBBB18F26F53002683EF /* Frameworks */ = {
			isa = PBXFrameworksBuildPhase;
			buildActionMask = 2147483647;
			files = (
				4338BBC018F26F53002683EF /* XCTest.framework in Frameworks */,
				4338BBC218F26F53002683EF /* UIKit.framework in Frameworks */,
				4338BBC118F26F53002683EF /* Foundation.framework in Frameworks */,
				3D25B7AF9C7EE3BC4CAC82C4 /* libPods-ABMATests.a in Frameworks */,
			);
			runOnlyForDeploymentPostprocessing = 0;
		};
		434B44D71E1B231F00963096 /* Frameworks */ = {
			isa = PBXFrameworksBuildPhase;
			buildActionMask = 2147483647;
			files = (
				678DB7201821F0B8FF047E76 /* Pods_ABMAEditor.framework in Frameworks */,
			);
			runOnlyForDeploymentPostprocessing = 0;
		};
/* End PBXFrameworksBuildPhase section */

/* Begin PBXGroup section */
		4338BB9418F26F51002683EF = {
			isa = PBXGroup;
			children = (
				4338BBA618F26F53002683EF /* ABMA */,
				4338BBC518F26F53002683EF /* ABMATests */,
				434B44DB1E1B231F00963096 /* ABMAEditor */,
				4338BB9F18F26F52002683EF /* Frameworks */,
				4338BB9E18F26F52002683EF /* Products */,
				B13DDE03BAD71BF38445A05F /* Pods */,
			);
			sourceTree = "<group>";
		};
		4338BB9E18F26F52002683EF /* Products */ = {
			isa = PBXGroup;
			children = (
				4338BB9D18F26F52002683EF /* ABMA.app */,
				4338BBBE18F26F53002683EF /* ABMATests.xctest */,
				434B44DA1E1B231F00963096 /* ABMAEditor.app */,
			);
			name = Products;
			sourceTree = "<group>";
		};
		4338BB9F18F26F52002683EF /* Frameworks */ = {
			isa = PBXGroup;
			children = (
				43AAAE291AAAA484002C424A /* CoreData.framework */,
				43CF9B1918F5A4E600885DAC /* libz.dylib */,
				4338BBA018F26F53002683EF /* Foundation.framework */,
				4338BBA218F26F53002683EF /* CoreGraphics.framework */,
				4338BBA418F26F53002683EF /* UIKit.framework */,
				4338BBBF18F26F53002683EF /* XCTest.framework */,
				E3312819BD592EE55EB0A2BB /* libPods-ABMA.a */,
				3F1A931DC8052C9ABE9D38B0 /* Pods_ABMAEditor.framework */,
				7772E1B684CC8FDF0E210670 /* libPods-ABMATests.a */,
			);
			name = Frameworks;
			sourceTree = "<group>";
		};
		4338BBA618F26F53002683EF /* ABMA */ = {
			isa = PBXGroup;
			children = (
				4338BBAF18F26F53002683EF /* AppDelegate.h */,
				4338BBB018F26F53002683EF /* AppDelegate.m */,
				4338BBB218F26F53002683EF /* Main.storyboard */,
				4338BBB818F26F53002683EF /* Images.xcassets */,
				4338BBA718F26F53002683EF /* Supporting Files */,
				43F070C318F3561A0077F11E /* SideBarTableViewController.h */,
				43F070C418F3561A0077F11E /* SideBarTableViewController.m */,
				43F070C618F3631E0077F11E /* ScheduleViewController.h */,
				43F070C718F3631E0077F11E /* ScheduleViewController.m */,
				43F070CF18F3B4B60077F11E /* SchedDetailViewController.h */,
				43F070D018F3B4B60077F11E /* SchedDetailViewController.m */,
				43F070D218F3B6A20077F11E /* SponsorCollectionViewController.h */,
				43F070D318F3B6A20077F11E /* SponsorCollectionViewController.m */,
				43C75EC41C9F9CF50020C39E /* Template.plist */,
				43F995E318F46102004DC565 /* Y2014.plist */,
				43B2B5A81AB72DE000F0A6D0 /* Y2015.plist */,
				43C75EC21C9F9A500020C39E /* Y2016.plist */,
				43CF9B1B18F5B23500885DAC /* ContactViewController.h */,
				43CF9B1C18F5B23500885DAC /* ContactViewController.m */,
				439947E31AB1E9F500D1479B /* NotesViewController.h */,
				439947E41AB1E9F500D1479B /* NotesViewController.m */,
				43201F2D1ABE37A600486999 /* InfoViewController.h */,
				43201F2E1ABE37A600486999 /* InfoViewController.m */,
				43201F421ABF371F00486999 /* PaperTableViewCell.h */,
				43201F431ABF371F00486999 /* PaperTableViewCell.m */,
			);
			path = ABMA;
			sourceTree = "<group>";
		};
		4338BBA718F26F53002683EF /* Supporting Files */ = {
			isa = PBXGroup;
			children = (
				43201F3F1ABE41A100486999 /* Paper.h */,
				43201F401ABE41A100486999 /* Paper.m */,
				43201F3C1ABE41A100486999 /* Year.h */,
				43201F3D1ABE41A100486999 /* Year.m */,
				43201F391ABE41A100486999 /* Note.h */,
				43201F3A1ABE41A100486999 /* Note.m */,
				43201F361ABE41A100486999 /* Day.h */,
				43201F371ABE41A100486999 /* Day.m */,
				43201F331ABE41A000486999 /* Event.h */,
				43201F341ABE41A000486999 /* Event.m */,
				438D599D1ABA97D3004FF7ED /* Launch Screen.xib */,
				430561891A9AF95000ED4BB0 /* SWRevealViewController.h */,
				4305618A1A9AF95000ED4BB0 /* SWRevealViewController.m */,
				4338BBA818F26F53002683EF /* ABMA-Info.plist */,
				4338BBA918F26F53002683EF /* InfoPlist.strings */,
				4338BBAC18F26F53002683EF /* main.m */,
				4338BBAE18F26F53002683EF /* ABMA-Prefix.pch */,
				43AAAE2B1AAAA4D1002C424A /* ABMA.xcdatamodeld */,
				43D07C6D1AAEABA00033A1E6 /* EventCellTableViewCell.h */,
				43D07C6E1AAEABA00033A1E6 /* EventCellTableViewCell.m */,
				4352A8771AB28BBE00EC03CB /* BaseViewController.h */,
				4352A8781AB28BBE00EC03CB /* BaseViewController.m */,
			);
			name = "Supporting Files";
			sourceTree = "<group>";
		};
		4338BBC518F26F53002683EF /* ABMATests */ = {
			isa = PBXGroup;
			children = (
				4338BBCB18F26F53002683EF /* ABMATests.m */,
				4338BBC618F26F53002683EF /* Supporting Files */,
			);
			path = ABMATests;
			sourceTree = "<group>";
		};
		4338BBC618F26F53002683EF /* Supporting Files */ = {
			isa = PBXGroup;
			children = (
				4338BBC718F26F53002683EF /* ABMATests-Info.plist */,
				4338BBC818F26F53002683EF /* InfoPlist.strings */,
			);
			name = "Supporting Files";
			sourceTree = "<group>";
		};
		434B44DB1E1B231F00963096 /* ABMAEditor */ = {
			isa = PBXGroup;
			children = (
				434B44EC1E1BF74700963096 /* model */,
				434B44DC1E1B231F00963096 /* AppDelegate.swift */,
				434B44E01E1B231F00963096 /* Assets.xcassets */,
				434B44E21E1B231F00963096 /* Main.storyboard */,
				434B44E51E1B231F00963096 /* Info.plist */,
				434B44DE1E1B231F00963096 /* EventViewController.swift */,
				434B44EF1E1FF92900963096 /* EventListViewController.swift */,
				434B44F11E23222700963096 /* ContainerController.swift */,
				43027B361E39B7F400585C8B /* PapersViewController.swift */,
				4378FD9A1E3A452F00319DE0 /* Papers.storyboard */,
				435EEE6D1E3D3A4200C9CF84 /* NewYearsViewController.swift */,
				4313269F1E3D655B003C808E /* YearViewController.swift */,
				431326A31E3D7605003C808E /* Sponsors.storyboard */,
				431326A71E3D7AF3003C808E /* SponsorsViewController.swift */,
				431326AD1E3D7BE7003C808E /* SponsorItem.swift */,
				431326AE1E3D7BE7003C808E /* SponsorItem.xib */,
				431326B11E3D8B47003C808E /* NewSponsorViewController.swift */,
			);
			path = ABMAEditor;
			sourceTree = "<group>";
		};
		434B44EC1E1BF74700963096 /* model */ = {
			isa = PBXGroup;
			children = (
				4378FDA01E3C482C00319DE0 /* DbManager.swift */,
				434B44ED1E1BF75500963096 /* Event.swift */,
				432ED0931E267AC300DD92BB /* Paper.swift */,
				435EEE671E3D329F00C9CF84 /* Year.swift */,
				431326A51E3D7796003C808E /* Sponsor.swift */,
			);
			path = model;
			sourceTree = "<group>";
		};
		B13DDE03BAD71BF38445A05F /* Pods */ = {
			isa = PBXGroup;
			children = (
				0FC8C8D0B8F238C46229B7B3 /* Pods-ABMA.debug.xcconfig */,
				887AC0FF2B55FA0062B1AB78 /* Pods-ABMA.release.xcconfig */,
				ACE800C60DBB8351D0C766AE /* Pods-ABMAEditor.debug.xcconfig */,
				E42C88550B15CA8F79BE96FE /* Pods-ABMAEditor.release.xcconfig */,
				AD17B5374F65644D2B57DB20 /* Pods-ABMATests.debug.xcconfig */,
				2717B5209C80FDFE19B62B51 /* Pods-ABMATests.release.xcconfig */,
			);
			name = Pods;
			sourceTree = "<group>";
		};
/* End PBXGroup section */

/* Begin PBXNativeTarget section */
		4338BB9C18F26F52002683EF /* ABMA */ = {
			isa = PBXNativeTarget;
			buildConfigurationList = 4338BBCF18F26F53002683EF /* Build configuration list for PBXNativeTarget "ABMA" */;
			buildPhases = (
				ED492BBC632049222AF77C86 /* [CP] Check Pods Manifest.lock */,
				4338BB9918F26F52002683EF /* Sources */,
				4338BB9A18F26F52002683EF /* Frameworks */,
				4338BB9B18F26F52002683EF /* Resources */,
				548958EEFB0E73FE2DE41364 /* [CP] Embed Pods Frameworks */,
				4B4DA5A5E0F3C41CBD7F915A /* [CP] Copy Pods Resources */,
			);
			buildRules = (
			);
			dependencies = (
			);
			name = ABMA;
			productName = ABMA;
			productReference = 4338BB9D18F26F52002683EF /* ABMA.app */;
			productType = "com.apple.product-type.application";
		};
		4338BBBD18F26F53002683EF /* ABMATests */ = {
			isa = PBXNativeTarget;
			buildConfigurationList = 4338BBD218F26F53002683EF /* Build configuration list for PBXNativeTarget "ABMATests" */;
			buildPhases = (
				9C6F3D2219D4F0BA1E806CB4 /* [CP] Check Pods Manifest.lock */,
				4338BBBA18F26F53002683EF /* Sources */,
				4338BBBB18F26F53002683EF /* Frameworks */,
				4338BBBC18F26F53002683EF /* Resources */,
				50565CC2C3F3CD28F35961A9 /* [CP] Embed Pods Frameworks */,
				81145ECEDAA5E94745E81418 /* [CP] Copy Pods Resources */,
			);
			buildRules = (
			);
			dependencies = (
				4338BBC418F26F53002683EF /* PBXTargetDependency */,
			);
			name = ABMATests;
			productName = ABMATests;
			productReference = 4338BBBE18F26F53002683EF /* ABMATests.xctest */;
			productType = "com.apple.product-type.bundle.unit-test";
		};
		434B44D91E1B231F00963096 /* ABMAEditor */ = {
			isa = PBXNativeTarget;
			buildConfigurationList = 434B44E81E1B231F00963096 /* Build configuration list for PBXNativeTarget "ABMAEditor" */;
			buildPhases = (
				046DD452F3BAD6DA250286C7 /* [CP] Check Pods Manifest.lock */,
				434B44D61E1B231F00963096 /* Sources */,
				434B44D71E1B231F00963096 /* Frameworks */,
				434B44D81E1B231F00963096 /* Resources */,
				9DB700BA8802EDF440DF85A1 /* [CP] Embed Pods Frameworks */,
				FD607F74CFB7CF64AECD9E05 /* [CP] Copy Pods Resources */,
			);
			buildRules = (
			);
			dependencies = (
			);
			name = ABMAEditor;
			productName = ABMAEditor;
			productReference = 434B44DA1E1B231F00963096 /* ABMAEditor.app */;
			productType = "com.apple.product-type.application";
		};
/* End PBXNativeTarget section */

/* Begin PBXProject section */
		4338BB9518F26F52002683EF /* Project object */ = {
			isa = PBXProject;
			attributes = {
				LastSwiftUpdateCheck = 0820;
				LastUpgradeCheck = 0800;
				ORGANIZATIONNAME = "Nathan Condell";
				TargetAttributes = {
					4338BB9C18F26F52002683EF = {
						DevelopmentTeam = Z3X6HD4H5L;
					};
					4338BBBD18F26F53002683EF = {
						TestTargetID = 4338BB9C18F26F52002683EF;
					};
					434B44D91E1B231F00963096 = {
						CreatedOnToolsVersion = 8.2.1;
						DevelopmentTeam = Z3X6HD4H5L;
						LastSwiftMigration = 0820;
						ProvisioningStyle = Automatic;
					};
				};
			};
			buildConfigurationList = 4338BB9818F26F52002683EF /* Build configuration list for PBXProject "ABMA" */;
			compatibilityVersion = "Xcode 3.2";
			developmentRegion = English;
			hasScannedForEncodings = 0;
			knownRegions = (
				en,
				Base,
			);
			mainGroup = 4338BB9418F26F51002683EF;
			productRefGroup = 4338BB9E18F26F52002683EF /* Products */;
			projectDirPath = "";
			projectRoot = "";
			targets = (
				4338BB9C18F26F52002683EF /* ABMA */,
				4338BBBD18F26F53002683EF /* ABMATests */,
				434B44D91E1B231F00963096 /* ABMAEditor */,
			);
		};
/* End PBXProject section */

/* Begin PBXResourcesBuildPhase section */
		4338BB9B18F26F52002683EF /* Resources */ = {
			isa = PBXResourcesBuildPhase;
			buildActionMask = 2147483647;
			files = (
				4338BBB918F26F53002683EF /* Images.xcassets in Resources */,
				4338BBAB18F26F53002683EF /* InfoPlist.strings in Resources */,
				43B2B5A91AB72DE000F0A6D0 /* Y2015.plist in Resources */,
				43C75EC51C9F9CF50020C39E /* Template.plist in Resources */,
				4338BBB418F26F53002683EF /* Main.storyboard in Resources */,
				43F995E418F46102004DC565 /* Y2014.plist in Resources */,
				438D599E1ABA97D3004FF7ED /* Launch Screen.xib in Resources */,
				43C75EC31C9F9A500020C39E /* Y2016.plist in Resources */,
			);
			runOnlyForDeploymentPostprocessing = 0;
		};
		4338BBBC18F26F53002683EF /* Resources */ = {
			isa = PBXResourcesBuildPhase;
			buildActionMask = 2147483647;
			files = (
				4338BBCA18F26F53002683EF /* InfoPlist.strings in Resources */,
			);
			runOnlyForDeploymentPostprocessing = 0;
		};
		434B44D81E1B231F00963096 /* Resources */ = {
			isa = PBXResourcesBuildPhase;
			buildActionMask = 2147483647;
			files = (
				434B44E11E1B231F00963096 /* Assets.xcassets in Resources */,
				431326A41E3D7605003C808E /* Sponsors.storyboard in Resources */,
				434B44E41E1B231F00963096 /* Main.storyboard in Resources */,
				431326B01E3D7BE7003C808E /* SponsorItem.xib in Resources */,
				4378FD9B1E3A452F00319DE0 /* Papers.storyboard in Resources */,
			);
			runOnlyForDeploymentPostprocessing = 0;
		};
/* End PBXResourcesBuildPhase section */

/* Begin PBXShellScriptBuildPhase section */
		046DD452F3BAD6DA250286C7 /* [CP] Check Pods Manifest.lock */ = {
			isa = PBXShellScriptBuildPhase;
			buildActionMask = 2147483647;
			files = (
			);
			inputPaths = (
			);
			name = "[CP] Check Pods Manifest.lock";
			outputPaths = (
			);
			runOnlyForDeploymentPostprocessing = 0;
			shellPath = /bin/sh;
			shellScript = "diff \"${PODS_ROOT}/../Podfile.lock\" \"${PODS_ROOT}/Manifest.lock\" > /dev/null\nif [[ $? != 0 ]] ; then\n    cat << EOM\nerror: The sandbox is not in sync with the Podfile.lock. Run 'pod install' or update your CocoaPods installation.\nEOM\n    exit 1\nfi\n";
			showEnvVarsInLog = 0;
		};
		4B4DA5A5E0F3C41CBD7F915A /* [CP] Copy Pods Resources */ = {
			isa = PBXShellScriptBuildPhase;
			buildActionMask = 2147483647;
			files = (
			);
			inputPaths = (
			);
			name = "[CP] Copy Pods Resources";
			outputPaths = (
			);
			runOnlyForDeploymentPostprocessing = 0;
			shellPath = /bin/sh;
			shellScript = "\"${SRCROOT}/Pods/Target Support Files/Pods-ABMA/Pods-ABMA-resources.sh\"\n";
			showEnvVarsInLog = 0;
		};
		50565CC2C3F3CD28F35961A9 /* [CP] Embed Pods Frameworks */ = {
			isa = PBXShellScriptBuildPhase;
			buildActionMask = 2147483647;
			files = (
			);
			inputPaths = (
			);
			name = "[CP] Embed Pods Frameworks";
			outputPaths = (
			);
			runOnlyForDeploymentPostprocessing = 0;
			shellPath = /bin/sh;
			shellScript = "\"${SRCROOT}/Pods/Target Support Files/Pods-ABMATests/Pods-ABMATests-frameworks.sh\"\n";
			showEnvVarsInLog = 0;
		};
		548958EEFB0E73FE2DE41364 /* [CP] Embed Pods Frameworks */ = {
			isa = PBXShellScriptBuildPhase;
			buildActionMask = 2147483647;
			files = (
			);
			inputPaths = (
			);
			name = "[CP] Embed Pods Frameworks";
			outputPaths = (
			);
			runOnlyForDeploymentPostprocessing = 0;
			shellPath = /bin/sh;
			shellScript = "\"${SRCROOT}/Pods/Target Support Files/Pods-ABMA/Pods-ABMA-frameworks.sh\"\n";
			showEnvVarsInLog = 0;
		};
		81145ECEDAA5E94745E81418 /* [CP] Copy Pods Resources */ = {
			isa = PBXShellScriptBuildPhase;
			buildActionMask = 2147483647;
			files = (
			);
			inputPaths = (
			);
			name = "[CP] Copy Pods Resources";
			outputPaths = (
			);
			runOnlyForDeploymentPostprocessing = 0;
			shellPath = /bin/sh;
			shellScript = "\"${SRCROOT}/Pods/Target Support Files/Pods-ABMATests/Pods-ABMATests-resources.sh\"\n";
			showEnvVarsInLog = 0;
		};
		9C6F3D2219D4F0BA1E806CB4 /* [CP] Check Pods Manifest.lock */ = {
			isa = PBXShellScriptBuildPhase;
			buildActionMask = 2147483647;
			files = (
			);
			inputPaths = (
			);
			name = "[CP] Check Pods Manifest.lock";
			outputPaths = (
			);
			runOnlyForDeploymentPostprocessing = 0;
			shellPath = /bin/sh;
			shellScript = "diff \"${PODS_ROOT}/../Podfile.lock\" \"${PODS_ROOT}/Manifest.lock\" > /dev/null\nif [[ $? != 0 ]] ; then\n    cat << EOM\nerror: The sandbox is not in sync with the Podfile.lock. Run 'pod install' or update your CocoaPods installation.\nEOM\n    exit 1\nfi\n";
			showEnvVarsInLog = 0;
		};
		9DB700BA8802EDF440DF85A1 /* [CP] Embed Pods Frameworks */ = {
			isa = PBXShellScriptBuildPhase;
			buildActionMask = 2147483647;
			files = (
			);
			inputPaths = (
			);
			name = "[CP] Embed Pods Frameworks";
			outputPaths = (
			);
			runOnlyForDeploymentPostprocessing = 0;
			shellPath = /bin/sh;
			shellScript = "\"${SRCROOT}/Pods/Target Support Files/Pods-ABMAEditor/Pods-ABMAEditor-frameworks.sh\"\n";
			showEnvVarsInLog = 0;
		};
		ED492BBC632049222AF77C86 /* [CP] Check Pods Manifest.lock */ = {
			isa = PBXShellScriptBuildPhase;
			buildActionMask = 2147483647;
			files = (
			);
			inputPaths = (
			);
			name = "[CP] Check Pods Manifest.lock";
			outputPaths = (
			);
			runOnlyForDeploymentPostprocessing = 0;
			shellPath = /bin/sh;
			shellScript = "diff \"${PODS_ROOT}/../Podfile.lock\" \"${PODS_ROOT}/Manifest.lock\" > /dev/null\nif [[ $? != 0 ]] ; then\n    cat << EOM\nerror: The sandbox is not in sync with the Podfile.lock. Run 'pod install' or update your CocoaPods installation.\nEOM\n    exit 1\nfi\n";
			showEnvVarsInLog = 0;
		};
		FD607F74CFB7CF64AECD9E05 /* [CP] Copy Pods Resources */ = {
			isa = PBXShellScriptBuildPhase;
			buildActionMask = 2147483647;
			files = (
			);
			inputPaths = (
			);
			name = "[CP] Copy Pods Resources";
			outputPaths = (
			);
			runOnlyForDeploymentPostprocessing = 0;
			shellPath = /bin/sh;
			shellScript = "\"${SRCROOT}/Pods/Target Support Files/Pods-ABMAEditor/Pods-ABMAEditor-resources.sh\"\n";
			showEnvVarsInLog = 0;
		};
/* End PBXShellScriptBuildPhase section */

/* Begin PBXSourcesBuildPhase section */
		4338BB9918F26F52002683EF /* Sources */ = {
			isa = PBXSourcesBuildPhase;
			buildActionMask = 2147483647;
			files = (
				43201F441ABF371F00486999 /* PaperTableViewCell.m in Sources */,
				43201F411ABE41A100486999 /* Paper.m in Sources */,
				43F070C818F3631E0077F11E /* ScheduleViewController.m in Sources */,
				43F070D118F3B4B60077F11E /* SchedDetailViewController.m in Sources */,
				43D07C6F1AAEABA00033A1E6 /* EventCellTableViewCell.m in Sources */,
				43201F2F1ABE37A600486999 /* InfoViewController.m in Sources */,
				43AAAE2D1AAAA4D1002C424A /* ABMA.xcdatamodeld in Sources */,
				4338BBB118F26F53002683EF /* AppDelegate.m in Sources */,
				43201F351ABE41A000486999 /* Event.m in Sources */,
				43201F3B1ABE41A100486999 /* Note.m in Sources */,
				439947E51AB1E9F500D1479B /* NotesViewController.m in Sources */,
				4305618B1A9AF95000ED4BB0 /* SWRevealViewController.m in Sources */,
				4338BBAD18F26F53002683EF /* main.m in Sources */,
				4352A8791AB28BBE00EC03CB /* BaseViewController.m in Sources */,
				43CF9B1D18F5B23500885DAC /* ContactViewController.m in Sources */,
				43201F381ABE41A100486999 /* Day.m in Sources */,
				43201F3E1ABE41A100486999 /* Year.m in Sources */,
				43F070C518F3561A0077F11E /* SideBarTableViewController.m in Sources */,
				43F070D418F3B6A20077F11E /* SponsorCollectionViewController.m in Sources */,
			);
			runOnlyForDeploymentPostprocessing = 0;
		};
		4338BBBA18F26F53002683EF /* Sources */ = {
			isa = PBXSourcesBuildPhase;
			buildActionMask = 2147483647;
			files = (
				4338BBCC18F26F53002683EF /* ABMATests.m in Sources */,
			);
			runOnlyForDeploymentPostprocessing = 0;
		};
		434B44D61E1B231F00963096 /* Sources */ = {
			isa = PBXSourcesBuildPhase;
			buildActionMask = 2147483647;
			files = (
				431326A91E3D7AF3003C808E /* SponsorsViewController.swift in Sources */,
				431326A61E3D7796003C808E /* Sponsor.swift in Sources */,
				435EEE6E1E3D3A4200C9CF84 /* NewYearsViewController.swift in Sources */,
				434B44DF1E1B231F00963096 /* EventViewController.swift in Sources */,
				43027B371E39B7F400585C8B /* PapersViewController.swift in Sources */,
				431326B21E3D8B47003C808E /* NewSponsorViewController.swift in Sources */,
				434B44F21E23222700963096 /* ContainerController.swift in Sources */,
				4378FDA11E3C482C00319DE0 /* DbManager.swift in Sources */,
				431326AF1E3D7BE7003C808E /* SponsorItem.swift in Sources */,
				435EEE681E3D329F00C9CF84 /* Year.swift in Sources */,
				432ED0941E267AC300DD92BB /* Paper.swift in Sources */,
				434B44F01E1FF92900963096 /* EventListViewController.swift in Sources */,
				434B44EE1E1BF75500963096 /* Event.swift in Sources */,
				434B44DD1E1B231F00963096 /* AppDelegate.swift in Sources */,
				431326A01E3D655B003C808E /* YearViewController.swift in Sources */,
			);
			runOnlyForDeploymentPostprocessing = 0;
		};
/* End PBXSourcesBuildPhase section */

/* Begin PBXTargetDependency section */
		4338BBC418F26F53002683EF /* PBXTargetDependency */ = {
			isa = PBXTargetDependency;
			target = 4338BB9C18F26F52002683EF /* ABMA */;
			targetProxy = 4338BBC318F26F53002683EF /* PBXContainerItemProxy */;
		};
/* End PBXTargetDependency section */

/* Begin PBXVariantGroup section */
		4338BBA918F26F53002683EF /* InfoPlist.strings */ = {
			isa = PBXVariantGroup;
			children = (
				4338BBAA18F26F53002683EF /* en */,
			);
			name = InfoPlist.strings;
			sourceTree = "<group>";
		};
		4338BBB218F26F53002683EF /* Main.storyboard */ = {
			isa = PBXVariantGroup;
			children = (
				4338BBB318F26F53002683EF /* Base */,
			);
			name = Main.storyboard;
			sourceTree = "<group>";
		};
		4338BBC818F26F53002683EF /* InfoPlist.strings */ = {
			isa = PBXVariantGroup;
			children = (
				4338BBC918F26F53002683EF /* en */,
			);
			name = InfoPlist.strings;
			sourceTree = "<group>";
		};
		434B44E21E1B231F00963096 /* Main.storyboard */ = {
			isa = PBXVariantGroup;
			children = (
				434B44E31E1B231F00963096 /* Base */,
			);
			name = Main.storyboard;
			sourceTree = "<group>";
		};
/* End PBXVariantGroup section */

/* Begin XCBuildConfiguration section */
		4338BBCD18F26F53002683EF /* Debug */ = {
			isa = XCBuildConfiguration;
			buildSettings = {
				ALWAYS_SEARCH_USER_PATHS = NO;
				CLANG_CXX_LANGUAGE_STANDARD = "gnu++0x";
				CLANG_CXX_LIBRARY = "libc++";
				CLANG_ENABLE_MODULES = YES;
				CLANG_ENABLE_OBJC_ARC = YES;
				CLANG_WARN_BOOL_CONVERSION = YES;
				CLANG_WARN_CONSTANT_CONVERSION = YES;
				CLANG_WARN_DIRECT_OBJC_ISA_USAGE = YES_ERROR;
				CLANG_WARN_EMPTY_BODY = YES;
				CLANG_WARN_ENUM_CONVERSION = YES;
				CLANG_WARN_INFINITE_RECURSION = YES;
				CLANG_WARN_INT_CONVERSION = YES;
				CLANG_WARN_OBJC_ROOT_CLASS = YES_ERROR;
				CLANG_WARN_SUSPICIOUS_MOVE = YES;
				CLANG_WARN_UNREACHABLE_CODE = YES;
				CLANG_WARN__DUPLICATE_METHOD_MATCH = YES;
				"CODE_SIGN_IDENTITY[sdk=iphoneos*]" = "iPhone Developer";
				COPY_PHASE_STRIP = NO;
				ENABLE_STRICT_OBJC_MSGSEND = YES;
				ENABLE_TESTABILITY = YES;
				GCC_C_LANGUAGE_STANDARD = gnu99;
				GCC_DYNAMIC_NO_PIC = NO;
				GCC_NO_COMMON_BLOCKS = YES;
				GCC_OPTIMIZATION_LEVEL = 0;
				GCC_PREPROCESSOR_DEFINITIONS = (
					"DEBUG=1",
					"$(inherited)",
				);
				GCC_SYMBOLS_PRIVATE_EXTERN = NO;
				GCC_WARN_64_TO_32_BIT_CONVERSION = YES;
				GCC_WARN_ABOUT_RETURN_TYPE = YES_ERROR;
				GCC_WARN_UNDECLARED_SELECTOR = YES;
				GCC_WARN_UNINITIALIZED_AUTOS = YES_AGGRESSIVE;
				GCC_WARN_UNUSED_FUNCTION = YES;
				GCC_WARN_UNUSED_VARIABLE = YES;
				IPHONEOS_DEPLOYMENT_TARGET = 8.0;
				ONLY_ACTIVE_ARCH = YES;
				SDKROOT = iphoneos;
			};
			name = Debug;
		};
		4338BBCE18F26F53002683EF /* Release */ = {
			isa = XCBuildConfiguration;
			buildSettings = {
				ALWAYS_SEARCH_USER_PATHS = NO;
				CLANG_CXX_LANGUAGE_STANDARD = "gnu++0x";
				CLANG_CXX_LIBRARY = "libc++";
				CLANG_ENABLE_MODULES = YES;
				CLANG_ENABLE_OBJC_ARC = YES;
				CLANG_WARN_BOOL_CONVERSION = YES;
				CLANG_WARN_CONSTANT_CONVERSION = YES;
				CLANG_WARN_DIRECT_OBJC_ISA_USAGE = YES_ERROR;
				CLANG_WARN_EMPTY_BODY = YES;
				CLANG_WARN_ENUM_CONVERSION = YES;
				CLANG_WARN_INFINITE_RECURSION = YES;
				CLANG_WARN_INT_CONVERSION = YES;
				CLANG_WARN_OBJC_ROOT_CLASS = YES_ERROR;
				CLANG_WARN_SUSPICIOUS_MOVE = YES;
				CLANG_WARN_UNREACHABLE_CODE = YES;
				CLANG_WARN__DUPLICATE_METHOD_MATCH = YES;
				"CODE_SIGN_IDENTITY[sdk=iphoneos*]" = "iPhone Developer";
				COPY_PHASE_STRIP = YES;
				ENABLE_NS_ASSERTIONS = NO;
				ENABLE_STRICT_OBJC_MSGSEND = YES;
				GCC_C_LANGUAGE_STANDARD = gnu99;
				GCC_NO_COMMON_BLOCKS = YES;
				GCC_WARN_64_TO_32_BIT_CONVERSION = YES;
				GCC_WARN_ABOUT_RETURN_TYPE = YES_ERROR;
				GCC_WARN_UNDECLARED_SELECTOR = YES;
				GCC_WARN_UNINITIALIZED_AUTOS = YES_AGGRESSIVE;
				GCC_WARN_UNUSED_FUNCTION = YES;
				GCC_WARN_UNUSED_VARIABLE = YES;
				IPHONEOS_DEPLOYMENT_TARGET = 8.0;
				SDKROOT = iphoneos;
				VALIDATE_PRODUCT = YES;
			};
			name = Release;
		};
		4338BBD018F26F53002683EF /* Debug */ = {
			isa = XCBuildConfiguration;
			baseConfigurationReference = 0FC8C8D0B8F238C46229B7B3 /* Pods-ABMA.debug.xcconfig */;
			buildSettings = {
				ASSETCATALOG_COMPILER_APPICON_NAME = AppIcon;
				ASSETCATALOG_COMPILER_LAUNCHIMAGE_NAME = LaunchImage;
				CODE_SIGN_IDENTITY = "iPhone Developer";
				"CODE_SIGN_IDENTITY[sdk=iphoneos*]" = "iPhone Developer";
				GCC_PRECOMPILE_PREFIX_HEADER = YES;
				GCC_PREFIX_HEADER = "ABMA/ABMA-Prefix.pch";
				INFOPLIST_FILE = "ABMA/ABMA-Info.plist";
				IPHONEOS_DEPLOYMENT_TARGET = 8.0;
				LIBRARY_SEARCH_PATHS = (
					"$(inherited)",
					"$(PROJECT_DIR)",
				);
				PRODUCT_BUNDLE_IDENTIFIER = "com.n8yn8.${PRODUCT_NAME:rfc1034identifier}";
				PRODUCT_NAME = "$(TARGET_NAME)";
				PROVISIONING_PROFILE = "";
				WRAPPER_EXTENSION = app;
			};
			name = Debug;
		};
		4338BBD118F26F53002683EF /* Release */ = {
			isa = XCBuildConfiguration;
			baseConfigurationReference = 887AC0FF2B55FA0062B1AB78 /* Pods-ABMA.release.xcconfig */;
			buildSettings = {
				ASSETCATALOG_COMPILER_APPICON_NAME = AppIcon;
				ASSETCATALOG_COMPILER_LAUNCHIMAGE_NAME = LaunchImage;
				CODE_SIGN_IDENTITY = "iPhone Developer";
				"CODE_SIGN_IDENTITY[sdk=iphoneos*]" = "iPhone Developer";
				GCC_PRECOMPILE_PREFIX_HEADER = YES;
				GCC_PREFIX_HEADER = "ABMA/ABMA-Prefix.pch";
				INFOPLIST_FILE = "ABMA/ABMA-Info.plist";
				IPHONEOS_DEPLOYMENT_TARGET = 8.0;
				LIBRARY_SEARCH_PATHS = (
					"$(inherited)",
					"$(PROJECT_DIR)",
				);
				PRODUCT_BUNDLE_IDENTIFIER = "com.n8yn8.${PRODUCT_NAME:rfc1034identifier}";
				PRODUCT_NAME = "$(TARGET_NAME)";
				PROVISIONING_PROFILE = "";
				WRAPPER_EXTENSION = app;
			};
			name = Release;
		};
		4338BBD318F26F53002683EF /* Debug */ = {
			isa = XCBuildConfiguration;
			baseConfigurationReference = AD17B5374F65644D2B57DB20 /* Pods-ABMATests.debug.xcconfig */;
			buildSettings = {
				BUNDLE_LOADER = "$(BUILT_PRODUCTS_DIR)/ABMA.app/ABMA";
				FRAMEWORK_SEARCH_PATHS = (
					"$(SDKROOT)/Developer/Library/Frameworks",
					"$(inherited)",
					"$(DEVELOPER_FRAMEWORKS_DIR)",
				);
				GCC_PRECOMPILE_PREFIX_HEADER = YES;
				GCC_PREFIX_HEADER = "ABMA/ABMA-Prefix.pch";
				GCC_PREPROCESSOR_DEFINITIONS = (
					"DEBUG=1",
					"$(inherited)",
				);
				INFOPLIST_FILE = "ABMATests/ABMATests-Info.plist";
				PRODUCT_BUNDLE_IDENTIFIER = "com.n8yn8.${PRODUCT_NAME:rfc1034identifier}";
				PRODUCT_NAME = "$(TARGET_NAME)";
				TEST_HOST = "$(BUNDLE_LOADER)";
				WRAPPER_EXTENSION = xctest;
			};
			name = Debug;
		};
		4338BBD418F26F53002683EF /* Release */ = {
			isa = XCBuildConfiguration;
			baseConfigurationReference = 2717B5209C80FDFE19B62B51 /* Pods-ABMATests.release.xcconfig */;
			buildSettings = {
				BUNDLE_LOADER = "$(BUILT_PRODUCTS_DIR)/ABMA.app/ABMA";
				FRAMEWORK_SEARCH_PATHS = (
					"$(SDKROOT)/Developer/Library/Frameworks",
					"$(inherited)",
					"$(DEVELOPER_FRAMEWORKS_DIR)",
				);
				GCC_PRECOMPILE_PREFIX_HEADER = YES;
				GCC_PREFIX_HEADER = "ABMA/ABMA-Prefix.pch";
				INFOPLIST_FILE = "ABMATests/ABMATests-Info.plist";
				PRODUCT_BUNDLE_IDENTIFIER = "com.n8yn8.${PRODUCT_NAME:rfc1034identifier}";
				PRODUCT_NAME = "$(TARGET_NAME)";
				TEST_HOST = "$(BUNDLE_LOADER)";
				WRAPPER_EXTENSION = xctest;
			};
			name = Release;
		};
		434B44E61E1B231F00963096 /* Debug */ = {
			isa = XCBuildConfiguration;
			baseConfigurationReference = ACE800C60DBB8351D0C766AE /* Pods-ABMAEditor.debug.xcconfig */;
			buildSettings = {
				ASSETCATALOG_COMPILER_APPICON_NAME = "AppIcon-Mac";
				CLANG_ANALYZER_NONNULL = YES;
				CLANG_ENABLE_MODULES = YES;
				CLANG_WARN_DOCUMENTATION_COMMENTS = YES;
				CODE_SIGN_IDENTITY = "-";
				COMBINE_HIDPI_IMAGES = YES;
				DEBUG_INFORMATION_FORMAT = dwarf;
				DEVELOPMENT_TEAM = Z3X6HD4H5L;
				FRAMEWORK_SEARCH_PATHS = (
					"$(inherited)",
					"$(PROJECT_DIR)/ABMAEditor",
				);
				INFOPLIST_FILE = ABMAEditor/Info.plist;
				LD_RUNPATH_SEARCH_PATHS = "$(inherited) @executable_path/../Frameworks";
				MACOSX_DEPLOYMENT_TARGET = 10.12;
				MTL_ENABLE_DEBUG_INFO = YES;
				PRODUCT_BUNDLE_IDENTIFIER = com.n8yn8.ABMAEditor;
				PRODUCT_NAME = "$(TARGET_NAME)";
				SDKROOT = macosx;
				SWIFT_ACTIVE_COMPILATION_CONDITIONS = DEBUG;
				SWIFT_OBJC_BRIDGING_HEADER = "Pods/Backendless/SDK/ios/backendless/include/Backendless-Bridging-Header.h";
				SWIFT_OPTIMIZATION_LEVEL = "-Onone";
				SWIFT_VERSION = 3.0;
			};
			name = Debug;
		};
		434B44E71E1B231F00963096 /* Release */ = {
			isa = XCBuildConfiguration;
			baseConfigurationReference = E42C88550B15CA8F79BE96FE /* Pods-ABMAEditor.release.xcconfig */;
			buildSettings = {
				ASSETCATALOG_COMPILER_APPICON_NAME = "AppIcon-Mac";
				CLANG_ANALYZER_NONNULL = YES;
				CLANG_ENABLE_MODULES = YES;
				CLANG_WARN_DOCUMENTATION_COMMENTS = YES;
				CODE_SIGN_IDENTITY = "-";
				COMBINE_HIDPI_IMAGES = YES;
				COPY_PHASE_STRIP = NO;
				DEBUG_INFORMATION_FORMAT = "dwarf-with-dsym";
				DEVELOPMENT_TEAM = Z3X6HD4H5L;
				FRAMEWORK_SEARCH_PATHS = (
					"$(inherited)",
					"$(PROJECT_DIR)/ABMAEditor",
				);
				INFOPLIST_FILE = ABMAEditor/Info.plist;
				LD_RUNPATH_SEARCH_PATHS = "$(inherited) @executable_path/../Frameworks";
				MACOSX_DEPLOYMENT_TARGET = 10.12;
				MTL_ENABLE_DEBUG_INFO = NO;
				PRODUCT_BUNDLE_IDENTIFIER = com.n8yn8.ABMAEditor;
				PRODUCT_NAME = "$(TARGET_NAME)";
				SDKROOT = macosx;
				SWIFT_OBJC_BRIDGING_HEADER = "Pods/Backendless/SDK/ios/backendless/include/Backendless-Bridging-Header.h";
				SWIFT_OPTIMIZATION_LEVEL = "-Owholemodule";
				SWIFT_VERSION = 3.0;
			};
			name = Release;
		};
/* End XCBuildConfiguration section */

/* Begin XCConfigurationList section */
		4338BB9818F26F52002683EF /* Build configuration list for PBXProject "ABMA" */ = {
			isa = XCConfigurationList;
			buildConfigurations = (
				4338BBCD18F26F53002683EF /* Debug */,
				4338BBCE18F26F53002683EF /* Release */,
			);
			defaultConfigurationIsVisible = 0;
			defaultConfigurationName = Release;
		};
		4338BBCF18F26F53002683EF /* Build configuration list for PBXNativeTarget "ABMA" */ = {
			isa = XCConfigurationList;
			buildConfigurations = (
				4338BBD018F26F53002683EF /* Debug */,
				4338BBD118F26F53002683EF /* Release */,
			);
			defaultConfigurationIsVisible = 0;
			defaultConfigurationName = Release;
		};
		4338BBD218F26F53002683EF /* Build configuration list for PBXNativeTarget "ABMATests" */ = {
			isa = XCConfigurationList;
			buildConfigurations = (
				4338BBD318F26F53002683EF /* Debug */,
				4338BBD418F26F53002683EF /* Release */,
			);
			defaultConfigurationIsVisible = 0;
			defaultConfigurationName = Release;
		};
		434B44E81E1B231F00963096 /* Build configuration list for PBXNativeTarget "ABMAEditor" */ = {
			isa = XCConfigurationList;
			buildConfigurations = (
				434B44E61E1B231F00963096 /* Debug */,
				434B44E71E1B231F00963096 /* Release */,
			);
			defaultConfigurationIsVisible = 0;
			defaultConfigurationName = Release;
		};
/* End XCConfigurationList section */

/* Begin XCVersionGroup section */
		43AAAE2B1AAAA4D1002C424A /* ABMA.xcdatamodeld */ = {
			isa = XCVersionGroup;
			children = (
				43AAAE2C1AAAA4D1002C424A /* ABMA.xcdatamodel */,
			);
			currentVersion = 43AAAE2C1AAAA4D1002C424A /* ABMA.xcdatamodel */;
			path = ABMA.xcdatamodeld;
			sourceTree = "<group>";
			versionGroupType = wrapper.xcdatamodel;
		};
/* End XCVersionGroup section */
	};
	rootObject = 4338BB9518F26F52002683EF /* Project object */;
}
