// !$*UTF8*$!
{
	archiveVersion = 1;
	classes = {
	};
	objectVersion = 46;
	objects = {

/* Begin PBXBuildFile section */
		4305618B1A9AF95000ED4BB0 /* SWRevealViewController.m in Sources */ = {isa = PBXBuildFile; fileRef = 4305618A1A9AF95000ED4BB0 /* SWRevealViewController.m */; };
		4338BBA118F26F53002683EF /* Foundation.framework in Frameworks */ = {isa = PBXBuildFile; fileRef = 4338BBA018F26F53002683EF /* Foundation.framework */; };
		4338BBA318F26F53002683EF /* CoreGraphics.framework in Frameworks */ = {isa = PBXBuildFile; fileRef = 4338BBA218F26F53002683EF /* CoreGraphics.framework */; };
		4338BBA518F26F53002683EF /* UIKit.framework in Frameworks */ = {isa = PBXBuildFile; fileRef = 4338BBA418F26F53002683EF /* UIKit.framework */; };
		4338BBAB18F26F53002683EF /* InfoPlist.strings in Resources */ = {isa = PBXBuildFile; fileRef = 4338BBA918F26F53002683EF /* InfoPlist.strings */; };
		4338BBAD18F26F53002683EF /* main.m in Sources */ = {isa = PBXBuildFile; fileRef = 4338BBAC18F26F53002683EF /* main.m */; };
		4338BBB118F26F53002683EF /* AppDelegate.m in Sources */ = {isa = PBXBuildFile; fileRef = 4338BBB018F26F53002683EF /* AppDelegate.m */; };
		4338BBB418F26F53002683EF /* Main.storyboard in Resources */ = {isa = PBXBuildFile; fileRef = 4338BBB218F26F53002683EF /* Main.storyboard */; };
		4338BBB918F26F53002683EF /* Images.xcassets in Resources */ = {isa = PBXBuildFile; fileRef = 4338BBB818F26F53002683EF /* Images.xcassets */; };
		4338BBC018F26F53002683EF /* XCTest.framework in Frameworks */ = {isa = PBXBuildFile; fileRef = 4338BBBF18F26F53002683EF /* XCTest.framework */; };
		4338BBC118F26F53002683EF /* Foundation.framework in Frameworks */ = {isa = PBXBuildFile; fileRef = 4338BBA018F26F53002683EF /* Foundation.framework */; };
		4338BBC218F26F53002683EF /* UIKit.framework in Frameworks */ = {isa = PBXBuildFile; fileRef = 4338BBA418F26F53002683EF /* UIKit.framework */; };
		4338BBCA18F26F53002683EF /* InfoPlist.strings in Resources */ = {isa = PBXBuildFile; fileRef = 4338BBC818F26F53002683EF /* InfoPlist.strings */; };
		4338BBCC18F26F53002683EF /* ABMATests.m in Sources */ = {isa = PBXBuildFile; fileRef = 4338BBCB18F26F53002683EF /* ABMATests.m */; };
		4352A8791AB28BBE00EC03CB /* BaseViewController.m in Sources */ = {isa = PBXBuildFile; fileRef = 4352A8781AB28BBE00EC03CB /* BaseViewController.m */; };
		439947E51AB1E9F500D1479B /* NotesViewController.m in Sources */ = {isa = PBXBuildFile; fileRef = 439947E41AB1E9F500D1479B /* NotesViewController.m */; };
		43AAAE2A1AAAA484002C424A /* CoreData.framework in Frameworks */ = {isa = PBXBuildFile; fileRef = 43AAAE291AAAA484002C424A /* CoreData.framework */; };
		43AAAE2D1AAAA4D1002C424A /* ABMA.xcdatamodeld in Sources */ = {isa = PBXBuildFile; fileRef = 43AAAE2B1AAAA4D1002C424A /* ABMA.xcdatamodeld */; };
		43AAAE5D1AAB96A8002C424A /* Note.m in Sources */ = {isa = PBXBuildFile; fileRef = 43AAAE5C1AAB96A8002C424A /* Note.m */; };
		43AAAE601AAB96A8002C424A /* Year.m in Sources */ = {isa = PBXBuildFile; fileRef = 43AAAE5F1AAB96A8002C424A /* Year.m */; };
		43AAAE631AAB96A8002C424A /* Day.m in Sources */ = {isa = PBXBuildFile; fileRef = 43AAAE621AAB96A8002C424A /* Day.m */; };
		43CF9B1A18F5A4E600885DAC /* libz.dylib in Frameworks */ = {isa = PBXBuildFile; fileRef = 43CF9B1918F5A4E600885DAC /* libz.dylib */; };
		43CF9B1D18F5B23500885DAC /* ContactViewController.m in Sources */ = {isa = PBXBuildFile; fileRef = 43CF9B1C18F5B23500885DAC /* ContactViewController.m */; };
		43D07C6F1AAEABA00033A1E6 /* EventCellTableViewCell.m in Sources */ = {isa = PBXBuildFile; fileRef = 43D07C6E1AAEABA00033A1E6 /* EventCellTableViewCell.m */; };
		43D07C721AAEB8650033A1E6 /* Event.m in Sources */ = {isa = PBXBuildFile; fileRef = 43D07C711AAEB8650033A1E6 /* Event.m */; };
		43F070C518F3561A0077F11E /* SideBarTableViewController.m in Sources */ = {isa = PBXBuildFile; fileRef = 43F070C418F3561A0077F11E /* SideBarTableViewController.m */; };
		43F070C818F3631E0077F11E /* ScheduleViewController.m in Sources */ = {isa = PBXBuildFile; fileRef = 43F070C718F3631E0077F11E /* ScheduleViewController.m */; };
		43F070D118F3B4B60077F11E /* SchedDetailViewController.m in Sources */ = {isa = PBXBuildFile; fileRef = 43F070D018F3B4B60077F11E /* SchedDetailViewController.m */; };
		43F070D418F3B6A20077F11E /* SponsorCollectionViewController.m in Sources */ = {isa = PBXBuildFile; fileRef = 43F070D318F3B6A20077F11E /* SponsorCollectionViewController.m */; };
		43F995E418F46102004DC565 /* EventList.plist in Resources */ = {isa = PBXBuildFile; fileRef = 43F995E318F46102004DC565 /* EventList.plist */; };
/* End PBXBuildFile section */

/* Begin PBXContainerItemProxy section */
		4338BBC318F26F53002683EF /* PBXContainerItemProxy */ = {
			isa = PBXContainerItemProxy;
			containerPortal = 4338BB9518F26F52002683EF /* Project object */;
			proxyType = 1;
			remoteGlobalIDString = 4338BB9C18F26F52002683EF;
			remoteInfo = ABMA;
		};
/* End PBXContainerItemProxy section */

/* Begin PBXFileReference section */
		430561891A9AF95000ED4BB0 /* SWRevealViewController.h */ = {isa = PBXFileReference; fileEncoding = 4; lastKnownFileType = sourcecode.c.h; path = SWRevealViewController.h; sourceTree = "<group>"; };
		4305618A1A9AF95000ED4BB0 /* SWRevealViewController.m */ = {isa = PBXFileReference; fileEncoding = 4; lastKnownFileType = sourcecode.c.objc; path = SWRevealViewController.m; sourceTree = "<group>"; };
		4338BB9D18F26F52002683EF /* ABMA.app */ = {isa = PBXFileReference; explicitFileType = wrapper.application; includeInIndex = 0; path = ABMA.app; sourceTree = BUILT_PRODUCTS_DIR; };
		4338BBA018F26F53002683EF /* Foundation.framework */ = {isa = PBXFileReference; lastKnownFileType = wrapper.framework; name = Foundation.framework; path = System/Library/Frameworks/Foundation.framework; sourceTree = SDKROOT; };
		4338BBA218F26F53002683EF /* CoreGraphics.framework */ = {isa = PBXFileReference; lastKnownFileType = wrapper.framework; name = CoreGraphics.framework; path = System/Library/Frameworks/CoreGraphics.framework; sourceTree = SDKROOT; };
		4338BBA418F26F53002683EF /* UIKit.framework */ = {isa = PBXFileReference; lastKnownFileType = wrapper.framework; name = UIKit.framework; path = System/Library/Frameworks/UIKit.framework; sourceTree = SDKROOT; };
		4338BBA818F26F53002683EF /* ABMA-Info.plist */ = {isa = PBXFileReference; lastKnownFileType = text.plist.xml; path = "ABMA-Info.plist"; sourceTree = "<group>"; };
		4338BBAA18F26F53002683EF /* en */ = {isa = PBXFileReference; lastKnownFileType = text.plist.strings; name = en; path = en.lproj/InfoPlist.strings; sourceTree = "<group>"; };
		4338BBAC18F26F53002683EF /* main.m */ = {isa = PBXFileReference; lastKnownFileType = sourcecode.c.objc; path = main.m; sourceTree = "<group>"; };
		4338BBAE18F26F53002683EF /* ABMA-Prefix.pch */ = {isa = PBXFileReference; lastKnownFileType = sourcecode.c.h; path = "ABMA-Prefix.pch"; sourceTree = "<group>"; };
		4338BBAF18F26F53002683EF /* AppDelegate.h */ = {isa = PBXFileReference; lastKnownFileType = sourcecode.c.h; path = AppDelegate.h; sourceTree = "<group>"; };
		4338BBB018F26F53002683EF /* AppDelegate.m */ = {isa = PBXFileReference; lastKnownFileType = sourcecode.c.objc; path = AppDelegate.m; sourceTree = "<group>"; };
		4338BBB318F26F53002683EF /* Base */ = {isa = PBXFileReference; lastKnownFileType = file.storyboard; name = Base; path = Base.lproj/Main.storyboard; sourceTree = "<group>"; };
		4338BBB818F26F53002683EF /* Images.xcassets */ = {isa = PBXFileReference; lastKnownFileType = folder.assetcatalog; path = Images.xcassets; sourceTree = "<group>"; };
		4338BBBE18F26F53002683EF /* ABMATests.xctest */ = {isa = PBXFileReference; explicitFileType = wrapper.cfbundle; includeInIndex = 0; path = ABMATests.xctest; sourceTree = BUILT_PRODUCTS_DIR; };
		4338BBBF18F26F53002683EF /* XCTest.framework */ = {isa = PBXFileReference; lastKnownFileType = wrapper.framework; name = XCTest.framework; path = Library/Frameworks/XCTest.framework; sourceTree = DEVELOPER_DIR; };
		4338BBC718F26F53002683EF /* ABMATests-Info.plist */ = {isa = PBXFileReference; lastKnownFileType = text.plist.xml; path = "ABMATests-Info.plist"; sourceTree = "<group>"; };
		4338BBC918F26F53002683EF /* en */ = {isa = PBXFileReference; lastKnownFileType = text.plist.strings; name = en; path = en.lproj/InfoPlist.strings; sourceTree = "<group>"; };
		4338BBCB18F26F53002683EF /* ABMATests.m */ = {isa = PBXFileReference; lastKnownFileType = sourcecode.c.objc; path = ABMATests.m; sourceTree = "<group>"; };
		4352A8771AB28BBE00EC03CB /* BaseViewController.h */ = {isa = PBXFileReference; fileEncoding = 4; lastKnownFileType = sourcecode.c.h; path = BaseViewController.h; sourceTree = "<group>"; };
		4352A8781AB28BBE00EC03CB /* BaseViewController.m */ = {isa = PBXFileReference; fileEncoding = 4; lastKnownFileType = sourcecode.c.objc; path = BaseViewController.m; sourceTree = "<group>"; };
		439947E31AB1E9F500D1479B /* NotesViewController.h */ = {isa = PBXFileReference; fileEncoding = 4; lastKnownFileType = sourcecode.c.h; path = NotesViewController.h; sourceTree = "<group>"; };
		439947E41AB1E9F500D1479B /* NotesViewController.m */ = {isa = PBXFileReference; fileEncoding = 4; lastKnownFileType = sourcecode.c.objc; path = NotesViewController.m; sourceTree = "<group>"; };
		43AAAE291AAAA484002C424A /* CoreData.framework */ = {isa = PBXFileReference; lastKnownFileType = wrapper.framework; name = CoreData.framework; path = System/Library/Frameworks/CoreData.framework; sourceTree = SDKROOT; };
		43AAAE2C1AAAA4D1002C424A /* ABMA.xcdatamodel */ = {isa = PBXFileReference; lastKnownFileType = wrapper.xcdatamodel; path = ABMA.xcdatamodel; sourceTree = "<group>"; };
		43AAAE5B1AAB96A8002C424A /* Note.h */ = {isa = PBXFileReference; fileEncoding = 4; lastKnownFileType = sourcecode.c.h; path = Note.h; sourceTree = "<group>"; };
		43AAAE5C1AAB96A8002C424A /* Note.m */ = {isa = PBXFileReference; fileEncoding = 4; lastKnownFileType = sourcecode.c.objc; path = Note.m; sourceTree = "<group>"; };
		43AAAE5E1AAB96A8002C424A /* Year.h */ = {isa = PBXFileReference; fileEncoding = 4; lastKnownFileType = sourcecode.c.h; path = Year.h; sourceTree = "<group>"; };
		43AAAE5F1AAB96A8002C424A /* Year.m */ = {isa = PBXFileReference; fileEncoding = 4; lastKnownFileType = sourcecode.c.objc; path = Year.m; sourceTree = "<group>"; };
		43AAAE611AAB96A8002C424A /* Day.h */ = {isa = PBXFileReference; fileEncoding = 4; lastKnownFileType = sourcecode.c.h; path = Day.h; sourceTree = "<group>"; };
		43AAAE621AAB96A8002C424A /* Day.m */ = {isa = PBXFileReference; fileEncoding = 4; lastKnownFileType = sourcecode.c.objc; path = Day.m; sourceTree = "<group>"; };
		43CF9B1918F5A4E600885DAC /* libz.dylib */ = {isa = PBXFileReference; lastKnownFileType = "compiled.mach-o.dylib"; name = libz.dylib; path = usr/lib/libz.dylib; sourceTree = SDKROOT; };
		43CF9B1B18F5B23500885DAC /* ContactViewController.h */ = {isa = PBXFileReference; fileEncoding = 4; lastKnownFileType = sourcecode.c.h; path = ContactViewController.h; sourceTree = "<group>"; };
		43CF9B1C18F5B23500885DAC /* ContactViewController.m */ = {isa = PBXFileReference; fileEncoding = 4; lastKnownFileType = sourcecode.c.objc; path = ContactViewController.m; sourceTree = "<group>"; };
		43D07C6D1AAEABA00033A1E6 /* EventCellTableViewCell.h */ = {isa = PBXFileReference; fileEncoding = 4; lastKnownFileType = sourcecode.c.h; path = EventCellTableViewCell.h; sourceTree = "<group>"; };
		43D07C6E1AAEABA00033A1E6 /* EventCellTableViewCell.m */ = {isa = PBXFileReference; fileEncoding = 4; lastKnownFileType = sourcecode.c.objc; path = EventCellTableViewCell.m; sourceTree = "<group>"; };
		43D07C701AAEB8650033A1E6 /* Event.h */ = {isa = PBXFileReference; fileEncoding = 4; lastKnownFileType = sourcecode.c.h; path = Event.h; sourceTree = "<group>"; };
		43D07C711AAEB8650033A1E6 /* Event.m */ = {isa = PBXFileReference; fileEncoding = 4; lastKnownFileType = sourcecode.c.objc; path = Event.m; sourceTree = "<group>"; };
		43F070C318F3561A0077F11E /* SideBarTableViewController.h */ = {isa = PBXFileReference; fileEncoding = 4; lastKnownFileType = sourcecode.c.h; path = SideBarTableViewController.h; sourceTree = "<group>"; };
		43F070C418F3561A0077F11E /* SideBarTableViewController.m */ = {isa = PBXFileReference; fileEncoding = 4; lastKnownFileType = sourcecode.c.objc; path = SideBarTableViewController.m; sourceTree = "<group>"; };
		43F070C618F3631E0077F11E /* ScheduleViewController.h */ = {isa = PBXFileReference; fileEncoding = 4; lastKnownFileType = sourcecode.c.h; path = ScheduleViewController.h; sourceTree = "<group>"; };
		43F070C718F3631E0077F11E /* ScheduleViewController.m */ = {isa = PBXFileReference; fileEncoding = 4; lastKnownFileType = sourcecode.c.objc; path = ScheduleViewController.m; sourceTree = "<group>"; };
		43F070CF18F3B4B60077F11E /* SchedDetailViewController.h */ = {isa = PBXFileReference; fileEncoding = 4; lastKnownFileType = sourcecode.c.h; path = SchedDetailViewController.h; sourceTree = "<group>"; };
		43F070D018F3B4B60077F11E /* SchedDetailViewController.m */ = {isa = PBXFileReference; fileEncoding = 4; lastKnownFileType = sourcecode.c.objc; path = SchedDetailViewController.m; sourceTree = "<group>"; };
		43F070D218F3B6A20077F11E /* SponsorCollectionViewController.h */ = {isa = PBXFileReference; fileEncoding = 4; lastKnownFileType = sourcecode.c.h; path = SponsorCollectionViewController.h; sourceTree = "<group>"; };
		43F070D318F3B6A20077F11E /* SponsorCollectionViewController.m */ = {isa = PBXFileReference; fileEncoding = 4; lastKnownFileType = sourcecode.c.objc; path = SponsorCollectionViewController.m; sourceTree = "<group>"; };
		43F995E318F46102004DC565 /* EventList.plist */ = {isa = PBXFileReference; fileEncoding = 4; lastKnownFileType = text.plist.xml; path = EventList.plist; sourceTree = "<group>"; };
/* End PBXFileReference section */

/* Begin PBXFrameworksBuildPhase section */
		4338BB9A18F26F52002683EF /* Frameworks */ = {
			isa = PBXFrameworksBuildPhase;
			buildActionMask = 2147483647;
			files = (
				43AAAE2A1AAAA484002C424A /* CoreData.framework in Frameworks */,
				43CF9B1A18F5A4E600885DAC /* libz.dylib in Frameworks */,
				4338BBA318F26F53002683EF /* CoreGraphics.framework in Frameworks */,
				4338BBA518F26F53002683EF /* UIKit.framework in Frameworks */,
				4338BBA118F26F53002683EF /* Foundation.framework in Frameworks */,
			);
			runOnlyForDeploymentPostprocessing = 0;
		};
		4338BBBB18F26F53002683EF /* Frameworks */ = {
			isa = PBXFrameworksBuildPhase;
			buildActionMask = 2147483647;
			files = (
				4338BBC018F26F53002683EF /* XCTest.framework in Frameworks */,
				4338BBC218F26F53002683EF /* UIKit.framework in Frameworks */,
				4338BBC118F26F53002683EF /* Foundation.framework in Frameworks */,
			);
			runOnlyForDeploymentPostprocessing = 0;
		};
/* End PBXFrameworksBuildPhase section */

/* Begin PBXGroup section */
		4338BB9418F26F51002683EF = {
			isa = PBXGroup;
			children = (
				4338BBA618F26F53002683EF /* ABMA */,
				4338BBC518F26F53002683EF /* ABMATests */,
				4338BB9F18F26F52002683EF /* Frameworks */,
				4338BB9E18F26F52002683EF /* Products */,
			);
			sourceTree = "<group>";
		};
		4338BB9E18F26F52002683EF /* Products */ = {
			isa = PBXGroup;
			children = (
				4338BB9D18F26F52002683EF /* ABMA.app */,
				4338BBBE18F26F53002683EF /* ABMATests.xctest */,
			);
			name = Products;
			sourceTree = "<group>";
		};
		4338BB9F18F26F52002683EF /* Frameworks */ = {
			isa = PBXGroup;
			children = (
				43AAAE291AAAA484002C424A /* CoreData.framework */,
				43CF9B1918F5A4E600885DAC /* libz.dylib */,
				4338BBA018F26F53002683EF /* Foundation.framework */,
				4338BBA218F26F53002683EF /* CoreGraphics.framework */,
				4338BBA418F26F53002683EF /* UIKit.framework */,
				4338BBBF18F26F53002683EF /* XCTest.framework */,
			);
			name = Frameworks;
			sourceTree = "<group>";
		};
		4338BBA618F26F53002683EF /* ABMA */ = {
			isa = PBXGroup;
			children = (
				4338BBAF18F26F53002683EF /* AppDelegate.h */,
				4338BBB018F26F53002683EF /* AppDelegate.m */,
				4338BBB218F26F53002683EF /* Main.storyboard */,
				4338BBB818F26F53002683EF /* Images.xcassets */,
				4338BBA718F26F53002683EF /* Supporting Files */,
				43F070C318F3561A0077F11E /* SideBarTableViewController.h */,
				43F070C418F3561A0077F11E /* SideBarTableViewController.m */,
				43F070C618F3631E0077F11E /* ScheduleViewController.h */,
				43F070C718F3631E0077F11E /* ScheduleViewController.m */,
				43F070CF18F3B4B60077F11E /* SchedDetailViewController.h */,
				43F070D018F3B4B60077F11E /* SchedDetailViewController.m */,
				43F070D218F3B6A20077F11E /* SponsorCollectionViewController.h */,
				43F070D318F3B6A20077F11E /* SponsorCollectionViewController.m */,
				43F995E318F46102004DC565 /* EventList.plist */,
				43CF9B1B18F5B23500885DAC /* ContactViewController.h */,
				43CF9B1C18F5B23500885DAC /* ContactViewController.m */,
				439947E31AB1E9F500D1479B /* NotesViewController.h */,
				439947E41AB1E9F500D1479B /* NotesViewController.m */,
			);
			path = ABMA;
			sourceTree = "<group>";
		};
		4338BBA718F26F53002683EF /* Supporting Files */ = {
			isa = PBXGroup;
			children = (
				43D07C701AAEB8650033A1E6 /* Event.h */,
				43D07C711AAEB8650033A1E6 /* Event.m */,
				430561891A9AF95000ED4BB0 /* SWRevealViewController.h */,
				4305618A1A9AF95000ED4BB0 /* SWRevealViewController.m */,
				4338BBA818F26F53002683EF /* ABMA-Info.plist */,
				4338BBA918F26F53002683EF /* InfoPlist.strings */,
				4338BBAC18F26F53002683EF /* main.m */,
				4338BBAE18F26F53002683EF /* ABMA-Prefix.pch */,
				43AAAE2B1AAAA4D1002C424A /* ABMA.xcdatamodeld */,
				43AAAE611AAB96A8002C424A /* Day.h */,
				43AAAE621AAB96A8002C424A /* Day.m */,
				43AAAE5E1AAB96A8002C424A /* Year.h */,
				43AAAE5F1AAB96A8002C424A /* Year.m */,
				43AAAE5B1AAB96A8002C424A /* Note.h */,
				43AAAE5C1AAB96A8002C424A /* Note.m */,
				43D07C6D1AAEABA00033A1E6 /* EventCellTableViewCell.h */,
				43D07C6E1AAEABA00033A1E6 /* EventCellTableViewCell.m */,
				4352A8771AB28BBE00EC03CB /* BaseViewController.h */,
				4352A8781AB28BBE00EC03CB /* BaseViewController.m */,
			);
			name = "Supporting Files";
			sourceTree = "<group>";
		};
		4338BBC518F26F53002683EF /* ABMATests */ = {
			isa = PBXGroup;
			children = (
				4338BBCB18F26F53002683EF /* ABMATests.m */,
				4338BBC618F26F53002683EF /* Supporting Files */,
			);
			path = ABMATests;
			sourceTree = "<group>";
		};
		4338BBC618F26F53002683EF /* Supporting Files */ = {
			isa = PBXGroup;
			children = (
				4338BBC718F26F53002683EF /* ABMATests-Info.plist */,
				4338BBC818F26F53002683EF /* InfoPlist.strings */,
			);
			name = "Supporting Files";
			sourceTree = "<group>";
		};
/* End PBXGroup section */

/* Begin PBXNativeTarget section */
		4338BB9C18F26F52002683EF /* ABMA */ = {
			isa = PBXNativeTarget;
			buildConfigurationList = 4338BBCF18F26F53002683EF /* Build configuration list for PBXNativeTarget "ABMA" */;
			buildPhases = (
				4338BB9918F26F52002683EF /* Sources */,
				4338BB9A18F26F52002683EF /* Frameworks */,
				4338BB9B18F26F52002683EF /* Resources */,
			);
			buildRules = (
			);
			dependencies = (
			);
			name = ABMA;
			productName = ABMA;
			productReference = 4338BB9D18F26F52002683EF /* ABMA.app */;
			productType = "com.apple.product-type.application";
		};
		4338BBBD18F26F53002683EF /* ABMATests */ = {
			isa = PBXNativeTarget;
			buildConfigurationList = 4338BBD218F26F53002683EF /* Build configuration list for PBXNativeTarget "ABMATests" */;
			buildPhases = (
				4338BBBA18F26F53002683EF /* Sources */,
				4338BBBB18F26F53002683EF /* Frameworks */,
				4338BBBC18F26F53002683EF /* Resources */,
			);
			buildRules = (
			);
			dependencies = (
				4338BBC418F26F53002683EF /* PBXTargetDependency */,
			);
			name = ABMATests;
			productName = ABMATests;
			productReference = 4338BBBE18F26F53002683EF /* ABMATests.xctest */;
			productType = "com.apple.product-type.bundle.unit-test";
		};
/* End PBXNativeTarget section */

/* Begin PBXProject section */
		4338BB9518F26F52002683EF /* Project object */ = {
			isa = PBXProject;
			attributes = {
				LastUpgradeCheck = 0510;
				ORGANIZATIONNAME = "Nathan Condell";
				TargetAttributes = {
					4338BB9C18F26F52002683EF = {
						DevelopmentTeam = Z3X6HD4H5L;
					};
					4338BBBD18F26F53002683EF = {
						TestTargetID = 4338BB9C18F26F52002683EF;
					};
				};
			};
			buildConfigurationList = 4338BB9818F26F52002683EF /* Build configuration list for PBXProject "ABMA" */;
			compatibilityVersion = "Xcode 3.2";
			developmentRegion = English;
			hasScannedForEncodings = 0;
			knownRegions = (
				en,
				Base,
			);
			mainGroup = 4338BB9418F26F51002683EF;
			productRefGroup = 4338BB9E18F26F52002683EF /* Products */;
			projectDirPath = "";
			projectRoot = "";
			targets = (
				4338BB9C18F26F52002683EF /* ABMA */,
				4338BBBD18F26F53002683EF /* ABMATests */,
			);
		};
/* End PBXProject section */

/* Begin PBXResourcesBuildPhase section */
		4338BB9B18F26F52002683EF /* Resources */ = {
			isa = PBXResourcesBuildPhase;
			buildActionMask = 2147483647;
			files = (
				4338BBB918F26F53002683EF /* Images.xcassets in Resources */,
				4338BBAB18F26F53002683EF /* InfoPlist.strings in Resources */,
				4338BBB418F26F53002683EF /* Main.storyboard in Resources */,
				43F995E418F46102004DC565 /* EventList.plist in Resources */,
			);
			runOnlyForDeploymentPostprocessing = 0;
		};
		4338BBBC18F26F53002683EF /* Resources */ = {
			isa = PBXResourcesBuildPhase;
			buildActionMask = 2147483647;
			files = (
				4338BBCA18F26F53002683EF /* InfoPlist.strings in Resources */,
			);
			runOnlyForDeploymentPostprocessing = 0;
		};
/* End PBXResourcesBuildPhase section */

/* Begin PBXSourcesBuildPhase section */
		4338BB9918F26F52002683EF /* Sources */ = {
			isa = PBXSourcesBuildPhase;
			buildActionMask = 2147483647;
			files = (
				43F070C818F3631E0077F11E /* ScheduleViewController.m in Sources */,
				43F070D118F3B4B60077F11E /* SchedDetailViewController.m in Sources */,
				43D07C6F1AAEABA00033A1E6 /* EventCellTableViewCell.m in Sources */,
				43AAAE2D1AAAA4D1002C424A /* ABMA.xcdatamodeld in Sources */,
				4338BBB118F26F53002683EF /* AppDelegate.m in Sources */,
				439947E51AB1E9F500D1479B /* NotesViewController.m in Sources */,
				4305618B1A9AF95000ED4BB0 /* SWRevealViewController.m in Sources */,
				43D07C721AAEB8650033A1E6 /* Event.m in Sources */,
				4338BBAD18F26F53002683EF /* main.m in Sources */,
				4352A8791AB28BBE00EC03CB /* BaseViewController.m in Sources */,
				43CF9B1D18F5B23500885DAC /* ContactViewController.m in Sources */,
				43F070C518F3561A0077F11E /* SideBarTableViewController.m in Sources */,
				43F070D418F3B6A20077F11E /* SponsorCollectionViewController.m in Sources */,
				43AAAE601AAB96A8002C424A /* Year.m in Sources */,
				43AAAE631AAB96A8002C424A /* Day.m in Sources */,
				43AAAE5D1AAB96A8002C424A /* Note.m in Sources */,
			);
			runOnlyForDeploymentPostprocessing = 0;
		};
		4338BBBA18F26F53002683EF /* Sources */ = {
			isa = PBXSourcesBuildPhase;
			buildActionMask = 2147483647;
			files = (
				4338BBCC18F26F53002683EF /* ABMATests.m in Sources */,
			);
			runOnlyForDeploymentPostprocessing = 0;
		};
/* End PBXSourcesBuildPhase section */

/* Begin PBXTargetDependency section */
		4338BBC418F26F53002683EF /* PBXTargetDependency */ = {
			isa = PBXTargetDependency;
			target = 4338BB9C18F26F52002683EF /* ABMA */;
			targetProxy = 4338BBC318F26F53002683EF /* PBXContainerItemProxy */;
		};
/* End PBXTargetDependency section */

/* Begin PBXVariantGroup section */
		4338BBA918F26F53002683EF /* InfoPlist.strings */ = {
			isa = PBXVariantGroup;
			children = (
				4338BBAA18F26F53002683EF /* en */,
			);
			name = InfoPlist.strings;
			sourceTree = "<group>";
		};
		4338BBB218F26F53002683EF /* Main.storyboard */ = {
			isa = PBXVariantGroup;
			children = (
				4338BBB318F26F53002683EF /* Base */,
			);
			name = Main.storyboard;
			sourceTree = "<group>";
		};
		4338BBC818F26F53002683EF /* InfoPlist.strings */ = {
			isa = PBXVariantGroup;
			children = (
				4338BBC918F26F53002683EF /* en */,
			);
			name = InfoPlist.strings;
			sourceTree = "<group>";
		};
/* End PBXVariantGroup section */

/* Begin XCBuildConfiguration section */
		4338BBCD18F26F53002683EF /* Debug */ = {
			isa = XCBuildConfiguration;
			buildSettings = {
				ALWAYS_SEARCH_USER_PATHS = NO;
				CLANG_CXX_LANGUAGE_STANDARD = "gnu++0x";
				CLANG_CXX_LIBRARY = "libc++";
				CLANG_ENABLE_MODULES = YES;
				CLANG_ENABLE_OBJC_ARC = YES;
				CLANG_WARN_BOOL_CONVERSION = YES;
				CLANG_WARN_CONSTANT_CONVERSION = YES;
				CLANG_WARN_DIRECT_OBJC_ISA_USAGE = YES_ERROR;
				CLANG_WARN_EMPTY_BODY = YES;
				CLANG_WARN_ENUM_CONVERSION = YES;
				CLANG_WARN_INT_CONVERSION = YES;
				CLANG_WARN_OBJC_ROOT_CLASS = YES_ERROR;
				CLANG_WARN__DUPLICATE_METHOD_MATCH = YES;
				"CODE_SIGN_IDENTITY[sdk=iphoneos*]" = "iPhone Developer";
				COPY_PHASE_STRIP = NO;
				GCC_C_LANGUAGE_STANDARD = gnu99;
				GCC_DYNAMIC_NO_PIC = NO;
				GCC_OPTIMIZATION_LEVEL = 0;
				GCC_PREPROCESSOR_DEFINITIONS = (
					"DEBUG=1",
					"$(inherited)",
				);
				GCC_SYMBOLS_PRIVATE_EXTERN = NO;
				GCC_WARN_64_TO_32_BIT_CONVERSION = YES;
				GCC_WARN_ABOUT_RETURN_TYPE = YES_ERROR;
				GCC_WARN_UNDECLARED_SELECTOR = YES;
				GCC_WARN_UNINITIALIZED_AUTOS = YES_AGGRESSIVE;
				GCC_WARN_UNUSED_FUNCTION = YES;
				GCC_WARN_UNUSED_VARIABLE = YES;
				IPHONEOS_DEPLOYMENT_TARGET = 7.1;
				ONLY_ACTIVE_ARCH = YES;
				SDKROOT = iphoneos;
			};
			name = Debug;
		};
		4338BBCE18F26F53002683EF /* Release */ = {
			isa = XCBuildConfiguration;
			buildSettings = {
				ALWAYS_SEARCH_USER_PATHS = NO;
				CLANG_CXX_LANGUAGE_STANDARD = "gnu++0x";
				CLANG_CXX_LIBRARY = "libc++";
				CLANG_ENABLE_MODULES = YES;
				CLANG_ENABLE_OBJC_ARC = YES;
				CLANG_WARN_BOOL_CONVERSION = YES;
				CLANG_WARN_CONSTANT_CONVERSION = YES;
				CLANG_WARN_DIRECT_OBJC_ISA_USAGE = YES_ERROR;
				CLANG_WARN_EMPTY_BODY = YES;
				CLANG_WARN_ENUM_CONVERSION = YES;
				CLANG_WARN_INT_CONVERSION = YES;
				CLANG_WARN_OBJC_ROOT_CLASS = YES_ERROR;
				CLANG_WARN__DUPLICATE_METHOD_MATCH = YES;
				"CODE_SIGN_IDENTITY[sdk=iphoneos*]" = "iPhone Developer";
				COPY_PHASE_STRIP = YES;
				ENABLE_NS_ASSERTIONS = NO;
				GCC_C_LANGUAGE_STANDARD = gnu99;
				GCC_WARN_64_TO_32_BIT_CONVERSION = YES;
				GCC_WARN_ABOUT_RETURN_TYPE = YES_ERROR;
				GCC_WARN_UNDECLARED_SELECTOR = YES;
				GCC_WARN_UNINITIALIZED_AUTOS = YES_AGGRESSIVE;
				GCC_WARN_UNUSED_FUNCTION = YES;
				GCC_WARN_UNUSED_VARIABLE = YES;
				IPHONEOS_DEPLOYMENT_TARGET = 7.1;
				SDKROOT = iphoneos;
				VALIDATE_PRODUCT = YES;
			};
			name = Release;
		};
		4338BBD018F26F53002683EF /* Debug */ = {
			isa = XCBuildConfiguration;
			buildSettings = {
				ASSETCATALOG_COMPILER_APPICON_NAME = AppIcon;
				ASSETCATALOG_COMPILER_LAUNCHIMAGE_NAME = LaunchImage;
				CODE_SIGN_IDENTITY = "iPhone Developer";
				GCC_PRECOMPILE_PREFIX_HEADER = YES;
				GCC_PREFIX_HEADER = "ABMA/ABMA-Prefix.pch";
				INFOPLIST_FILE = "ABMA/ABMA-Info.plist";
				IPHONEOS_DEPLOYMENT_TARGET = 7.0;
				LIBRARY_SEARCH_PATHS = (
					"$(inherited)",
					"$(PROJECT_DIR)",
				);
				PRODUCT_NAME = "$(TARGET_NAME)";
				PROVISIONING_PROFILE = "CBA327E1-5886-4BB0-A75C-E77FD691C2A9";
				WRAPPER_EXTENSION = app;
			};
			name = Debug;
		};
		4338BBD118F26F53002683EF /* Release */ = {
			isa = XCBuildConfiguration;
			buildSettings = {
				ASSETCATALOG_COMPILER_APPICON_NAME = AppIcon;
				ASSETCATALOG_COMPILER_LAUNCHIMAGE_NAME = LaunchImage;
				CODE_SIGN_IDENTITY = "iPhone Developer";
				GCC_PRECOMPILE_PREFIX_HEADER = YES;
				GCC_PREFIX_HEADER = "ABMA/ABMA-Prefix.pch";
				INFOPLIST_FILE = "ABMA/ABMA-Info.plist";
				IPHONEOS_DEPLOYMENT_TARGET = 7.0;
				LIBRARY_SEARCH_PATHS = (
					"$(inherited)",
					"$(PROJECT_DIR)",
				);
				PRODUCT_NAME = "$(TARGET_NAME)";
				PROVISIONING_PROFILE = "CBA327E1-5886-4BB0-A75C-E77FD691C2A9";
				WRAPPER_EXTENSION = app;
			};
			name = Release;
		};
		4338BBD318F26F53002683EF /* Debug */ = {
			isa = XCBuildConfiguration;
			buildSettings = {
				BUNDLE_LOADER = "$(BUILT_PRODUCTS_DIR)/ABMA.app/ABMA";
				FRAMEWORK_SEARCH_PATHS = (
					"$(SDKROOT)/Developer/Library/Frameworks",
					"$(inherited)",
					"$(DEVELOPER_FRAMEWORKS_DIR)",
				);
				GCC_PRECOMPILE_PREFIX_HEADER = YES;
				GCC_PREFIX_HEADER = "ABMA/ABMA-Prefix.pch";
				GCC_PREPROCESSOR_DEFINITIONS = (
					"DEBUG=1",
					"$(inherited)",
				);
				INFOPLIST_FILE = "ABMATests/ABMATests-Info.plist";
				PRODUCT_NAME = "$(TARGET_NAME)";
				TEST_HOST = "$(BUNDLE_LOADER)";
				WRAPPER_EXTENSION = xctest;
			};
			name = Debug;
		};
		4338BBD418F26F53002683EF /* Release */ = {
			isa = XCBuildConfiguration;
			buildSettings = {
				BUNDLE_LOADER = "$(BUILT_PRODUCTS_DIR)/ABMA.app/ABMA";
				FRAMEWORK_SEARCH_PATHS = (
					"$(SDKROOT)/Developer/Library/Frameworks",
					"$(inherited)",
					"$(DEVELOPER_FRAMEWORKS_DIR)",
				);
				GCC_PRECOMPILE_PREFIX_HEADER = YES;
				GCC_PREFIX_HEADER = "ABMA/ABMA-Prefix.pch";
				INFOPLIST_FILE = "ABMATests/ABMATests-Info.plist";
				PRODUCT_NAME = "$(TARGET_NAME)";
				TEST_HOST = "$(BUNDLE_LOADER)";
				WRAPPER_EXTENSION = xctest;
			};
			name = Release;
		};
/* End XCBuildConfiguration section */

/* Begin XCConfigurationList section */
		4338BB9818F26F52002683EF /* Build configuration list for PBXProject "ABMA" */ = {
			isa = XCConfigurationList;
			buildConfigurations = (
				4338BBCD18F26F53002683EF /* Debug */,
				4338BBCE18F26F53002683EF /* Release */,
			);
			defaultConfigurationIsVisible = 0;
			defaultConfigurationName = Release;
		};
		4338BBCF18F26F53002683EF /* Build configuration list for PBXNativeTarget "ABMA" */ = {
			isa = XCConfigurationList;
			buildConfigurations = (
				4338BBD018F26F53002683EF /* Debug */,
				4338BBD118F26F53002683EF /* Release */,
			);
			defaultConfigurationIsVisible = 0;
			defaultConfigurationName = Release;
		};
		4338BBD218F26F53002683EF /* Build configuration list for PBXNativeTarget "ABMATests" */ = {
			isa = XCConfigurationList;
			buildConfigurations = (
				4338BBD318F26F53002683EF /* Debug */,
				4338BBD418F26F53002683EF /* Release */,
			);
			defaultConfigurationIsVisible = 0;
			defaultConfigurationName = Release;
		};
/* End XCConfigurationList section */

/* Begin XCVersionGroup section */
		43AAAE2B1AAAA4D1002C424A /* ABMA.xcdatamodeld */ = {
			isa = XCVersionGroup;
			children = (
				43AAAE2C1AAAA4D1002C424A /* ABMA.xcdatamodel */,
			);
			currentVersion = 43AAAE2C1AAAA4D1002C424A /* ABMA.xcdatamodel */;
			path = ABMA.xcdatamodeld;
			sourceTree = "<group>";
			versionGroupType = wrapper.xcdatamodel;
		};
/* End XCVersionGroup section */
	};
	rootObject = 4338BB9518F26F52002683EF /* Project object */;
}
